{"projectHash":"1bca003519e0da3626e09260f6662cd24ee6ed45","productModuleName":"NewfeedsAppTests","mockedTypeNames":["\/Users\/vuminhtan\/Desktop\/iOS_TechMaster\/Project\/NewfeedsApp\/NewfeedsAppTests\/TestLoginPresenter.swift",["LoginDisplay"]],"cliVersion":"0.20.0","sourceFilePaths":[{"path":"\/Users\/vuminhtan\/Desktop\/iOS_TechMaster\/Project\/NewfeedsApp\/MockingbirdMocks\/NewfeedsAppTests-NewfeedsAppMocks.generated.swift","hash":"bb6642b42da79c532332e28f8d45b87b14e880ca"},{"path":"\/Users\/vuminhtan\/Desktop\/iOS_TechMaster\/Project\/NewfeedsApp\/NewfeedsAppTests\/TestLoginPresenter.swift","hash":"b2355b3aaefa30fbb814646d88d5739d1c67fb8f"}],"sourceRoot":"\/Users\/vuminhtan\/Desktop\/iOS_TechMaster\/Project\/NewfeedsApp","dependencies":[],"name":"NewfeedsAppTests"}