{"cliVersion":"0.20.0","productModuleName":"NewfeedsApp","sourceFilePaths":[{"path":"\/Users\/vuminhtan\/Desktop\/iOS_TechMaster\/Project\/NewfeedsApp\/NewfeedsApp\/APISevices\/AuthAPIService.swift","hash":"82406b1c3e0b25e510f729146fb037af22080b40"},{"path":"\/Users\/vuminhtan\/Desktop\/iOS_TechMaster\/Project\/NewfeedsApp\/NewfeedsApp\/AppDelegate.swift","hash":"ec97cf38ebc0e9caf70d1b4565937e5e9ff8e187"},{"path":"\/Users\/vuminhtan\/Desktop\/iOS_TechMaster\/Project\/NewfeedsApp\/NewfeedsApp\/Entities\/LoginEntity.swift","hash":"a69a42ecd074782225d51269b58a3e5958cb6069"},{"path":"\/Users\/vuminhtan\/Desktop\/iOS_TechMaster\/Project\/NewfeedsApp\/NewfeedsApp\/Repositories\/AuthRepository.swift","hash":"f83390f507001f17355cd0ac23c80534b849ef71"},{"path":"\/Users\/vuminhtan\/Desktop\/iOS_TechMaster\/Project\/NewfeedsApp\/NewfeedsApp\/SceneDelegate.swift","hash":"1fd3fa49926db3c9cb448b6afd45e6f8a5ea81fc"},{"path":"\/Users\/vuminhtan\/Desktop\/iOS_TechMaster\/Project\/NewfeedsApp\/NewfeedsApp\/Screens\/RegisterAndLogin\/LoginPresenter.swift","hash":"4f7f7f525d7803b6f1d0a3420bf478b381ce4246"},{"path":"\/Users\/vuminhtan\/Desktop\/iOS_TechMaster\/Project\/NewfeedsApp\/NewfeedsApp\/Screens\/RegisterAndLogin\/LoginViewController.swift","hash":"a6c46b7290eafa386894d5427085beb62da2f87f"},{"path":"\/Users\/vuminhtan\/Desktop\/iOS_TechMaster\/Project\/NewfeedsApp\/NewfeedsApp\/Screens\/RegisterAndLogin\/RegisterViewController.swift","hash":"f177950b0cb77c9edf4c72b98ea1ae4e071b31b2"},{"path":"\/Users\/vuminhtan\/Desktop\/iOS_TechMaster\/Project\/NewfeedsApp\/NewfeedsApp\/Screens\/Tutorial\/Cells\/ItemSection1CollectionViewCell.swift","hash":"dc933a800483628f6385383ca919db1b466fd85b"},{"path":"\/Users\/vuminhtan\/Desktop\/iOS_TechMaster\/Project\/NewfeedsApp\/NewfeedsApp\/Screens\/Tutorial\/Cells\/ItemSection2CollectionViewCell.swift","hash":"b9acf8bbbe39ed555947695e948465f689b9f20e"},{"path":"\/Users\/vuminhtan\/Desktop\/iOS_TechMaster\/Project\/NewfeedsApp\/NewfeedsApp\/Screens\/Tutorial\/Cells\/TutorialCollectionViewCell.swift","hash":"15eaa905018bba5f9f5f26830c472979eb7dbde8"},{"path":"\/Users\/vuminhtan\/Desktop\/iOS_TechMaster\/Project\/NewfeedsApp\/NewfeedsApp\/Screens\/Tutorial\/TutorialViewController.swift","hash":"fef634a2f20a042e90a5fb1816a5c63678e27447"},{"path":"\/Users\/vuminhtan\/Desktop\/iOS_TechMaster\/Project\/NewfeedsApp\/NewfeedsApp\/ViewController.swift","hash":"21c7b1832448ab4a541f53709768178e7a230cc9"}],"configHash":"a70740f4251290e930244ff9e0d2c858b1a60cd8","dependencyPathsHash":"a0419b87751ab380d620e9159343c4bb45c58d0e","targetPathsHash":"fef2992981d1da8881fbaace5d1779f1954a7c80","mockedTypesHash":"0c8f79f198cec79a96b8fbe78336262768fd000d","outputHash":"bb6642b42da79c532332e28f8d45b87b14e880ca","dependencies":[],"sourceRoot":"\/Users\/vuminhtan\/Desktop\/iOS_TechMaster\/Project\/NewfeedsApp","supportingFilePaths":[{"path":"\/Users\/vuminhtan\/Desktop\/iOS_TechMaster\/Project\/NewfeedsApp\/MockingbirdSupport\/AppKit\/NSResponder.swift","hash":"21296949c6d570892c8665a450e62c234c938790"},{"path":"\/Users\/vuminhtan\/Desktop\/iOS_TechMaster\/Project\/NewfeedsApp\/MockingbirdSupport\/AppKit\/NSView.swift","hash":"85b3183be144012a7e105e292426c3d9f8966072"},{"path":"\/Users\/vuminhtan\/Desktop\/iOS_TechMaster\/Project\/NewfeedsApp\/MockingbirdSupport\/AppKit\/NSViewController.swift","hash":"d8785e8a119f2723c8840534df0ad8ac61409797"},{"path":"\/Users\/vuminhtan\/Desktop\/iOS_TechMaster\/Project\/NewfeedsApp\/MockingbirdSupport\/Foundation\/ObjectiveC\/NSObject.swift","hash":"cf466772b8c2d80d31f34b93b501b398fbb8854d"},{"path":"\/Users\/vuminhtan\/Desktop\/iOS_TechMaster\/Project\/NewfeedsApp\/MockingbirdSupport\/Foundation\/ObjectiveC\/NSObject.swift","hash":"cf466772b8c2d80d31f34b93b501b398fbb8854d"},{"path":"\/Users\/vuminhtan\/Desktop\/iOS_TechMaster\/Project\/NewfeedsApp\/MockingbirdSupport\/Swift\/Codable.swift","hash":"57675d8b36a2db7b093b3542bd3225a88992c3bc"},{"path":"\/Users\/vuminhtan\/Desktop\/iOS_TechMaster\/Project\/NewfeedsApp\/MockingbirdSupport\/Swift\/Comparable.swift","hash":"d0d110744eeaf2f8fdd2f8a41df3452f35286bb7"},{"path":"\/Users\/vuminhtan\/Desktop\/iOS_TechMaster\/Project\/NewfeedsApp\/MockingbirdSupport\/Swift\/Equatable.swift","hash":"2e7674f4e23a5ab7aef45b91b63c0ed5934c3b83"},{"path":"\/Users\/vuminhtan\/Desktop\/iOS_TechMaster\/Project\/NewfeedsApp\/MockingbirdSupport\/Swift\/Hashable.swift","hash":"f59ec249aa03e312f2bda7c3b397c0dccd880a21"},{"path":"\/Users\/vuminhtan\/Desktop\/iOS_TechMaster\/Project\/NewfeedsApp\/MockingbirdSupport\/Swift\/Misc.swift","hash":"c139249ec5799f1ec64c3d9e7d8c1f286b894035"},{"path":"\/Users\/vuminhtan\/Desktop\/iOS_TechMaster\/Project\/NewfeedsApp\/MockingbirdSupport\/UIKit\/UIControl.swift","hash":"9363a4c38002598dbbc1198f16fe7198b8151d24"},{"path":"\/Users\/vuminhtan\/Desktop\/iOS_TechMaster\/Project\/NewfeedsApp\/MockingbirdSupport\/UIKit\/UILabel.swift","hash":"e26a734695bfe008598ed0d8c936683db78f40ac"},{"path":"\/Users\/vuminhtan\/Desktop\/iOS_TechMaster\/Project\/NewfeedsApp\/MockingbirdSupport\/UIKit\/UIView.swift","hash":"10e6b03a9c5a76f720c17fcb82af82ff66994926"},{"path":"\/Users\/vuminhtan\/Desktop\/iOS_TechMaster\/Project\/NewfeedsApp\/MockingbirdSupport\/UIKit\/UIViewController.swift","hash":"bbd8980a22029f339b0e8746124fd06d94730570"}],"name":"NewfeedsApp","projectHash":"1bca003519e0da3626e09260f6662cd24ee6ed45"}