{"cliVersion":"0.20.0","productModuleName":"NewfeedsApp","sourceFilePaths":[{"path":"\/Users\/vuminhtan\/Desktop\/iOS_TechMaster\/Project\/NewfeedsApp\/NewfeedsApp\/AppDelegate.swift","hash":"10edf8ba9d7d5b8a0ec9795565cd0aeddf27877f"},{"path":"\/Users\/vuminhtan\/Desktop\/iOS_TechMaster\/Project\/NewfeedsApp\/NewfeedsApp\/Entities\/LoginEntity.swift","hash":"a69a42ecd074782225d51269b58a3e5958cb6069"},{"path":"\/Users\/vuminhtan\/Desktop\/iOS_TechMaster\/Project\/NewfeedsApp\/NewfeedsApp\/Entities\/RegisterEntity.swift","hash":"472cd5485b6d74458ae8f0b6440e91113e50443d"},{"path":"\/Users\/vuminhtan\/Desktop\/iOS_TechMaster\/Project\/NewfeedsApp\/NewfeedsApp\/Network\/APISevices\/AuthAPIService.swift","hash":"98e0c64441d014a0f2371a9a9dbd53ccd9da19af"},{"path":"\/Users\/vuminhtan\/Desktop\/iOS_TechMaster\/Project\/NewfeedsApp\/NewfeedsApp\/Network\/APISevices\/AuthRouter.swift","hash":"f1765c7dba84de0e000286182a45e30d720b4915"},{"path":"\/Users\/vuminhtan\/Desktop\/iOS_TechMaster\/Project\/NewfeedsApp\/NewfeedsApp\/Network\/NetworkConstant.swift","hash":"182eb32672404cca4319bdddf4a62c68fbf2efb3"},{"path":"\/Users\/vuminhtan\/Desktop\/iOS_TechMaster\/Project\/NewfeedsApp\/NewfeedsApp\/Repositories\/AuthRepository.swift","hash":"ff90dbe189530eb30ecd8e107aad5d39ecaebf18"},{"path":"\/Users\/vuminhtan\/Desktop\/iOS_TechMaster\/Project\/NewfeedsApp\/NewfeedsApp\/SceneDelegate.swift","hash":"bd29a7cab37ceb46a0e2fac1692699f7d7817e89"},{"path":"\/Users\/vuminhtan\/Desktop\/iOS_TechMaster\/Project\/NewfeedsApp\/NewfeedsApp\/Screens\/Homepage\/HomepageViewController.swift","hash":"daba3330e80295b0147f1788e41833428cce7436"},{"path":"\/Users\/vuminhtan\/Desktop\/iOS_TechMaster\/Project\/NewfeedsApp\/NewfeedsApp\/Screens\/Login\/LoginPresenter.swift","hash":"276acf7f6570cdc1fa49e15fe1698a3d759ff9f1"},{"path":"\/Users\/vuminhtan\/Desktop\/iOS_TechMaster\/Project\/NewfeedsApp\/NewfeedsApp\/Screens\/Login\/LoginViewController.swift","hash":"539aad0f2ffd784fbaf423fe43a6c5d19fd0c976"},{"path":"\/Users\/vuminhtan\/Desktop\/iOS_TechMaster\/Project\/NewfeedsApp\/NewfeedsApp\/Screens\/Register\/RegisterPresenter.swift","hash":"f2bd07a342c3bc9386210482e7117d045f588d93"},{"path":"\/Users\/vuminhtan\/Desktop\/iOS_TechMaster\/Project\/NewfeedsApp\/NewfeedsApp\/Screens\/Register\/RegisterViewController.swift","hash":"5e3c119671bf183e29c066c68152d8fe3b79bcc5"},{"path":"\/Users\/vuminhtan\/Desktop\/iOS_TechMaster\/Project\/NewfeedsApp\/NewfeedsApp\/Screens\/Tutorial\/Cells\/ItemSection1CollectionViewCell.swift","hash":"dc933a800483628f6385383ca919db1b466fd85b"},{"path":"\/Users\/vuminhtan\/Desktop\/iOS_TechMaster\/Project\/NewfeedsApp\/NewfeedsApp\/Screens\/Tutorial\/Cells\/ItemSection2CollectionViewCell.swift","hash":"b9acf8bbbe39ed555947695e948465f689b9f20e"},{"path":"\/Users\/vuminhtan\/Desktop\/iOS_TechMaster\/Project\/NewfeedsApp\/NewfeedsApp\/Screens\/Tutorial\/Cells\/TutorialCollectionViewCell.swift","hash":"cafa539315c66c10f80645bd47d85a5e03b9a9ea"},{"path":"\/Users\/vuminhtan\/Desktop\/iOS_TechMaster\/Project\/NewfeedsApp\/NewfeedsApp\/Screens\/Tutorial\/TutorialViewController.swift","hash":"2b07d6d3de10f2dd6f7cac430be52684a1b3999c"},{"path":"\/Users\/vuminhtan\/Desktop\/iOS_TechMaster\/Project\/NewfeedsApp\/NewfeedsApp\/Services\/AuthService.swift","hash":"0ef5cd9d89b32bd78115bd3461039f2d81b98c6d"},{"path":"\/Users\/vuminhtan\/Desktop\/iOS_TechMaster\/Project\/NewfeedsApp\/NewfeedsApp\/Services\/UserDefaultService.swift","hash":"6e317445f130267ff27bc6642212b2e1942c4b8a"},{"path":"\/Users\/vuminhtan\/Desktop\/iOS_TechMaster\/Project\/NewfeedsApp\/NewfeedsApp\/Utils\/Validator.swift","hash":"c3f8c016196b39857692859c1a5eb27ecd508641"},{"path":"\/Users\/vuminhtan\/Desktop\/iOS_TechMaster\/Project\/NewfeedsApp\/NewfeedsApp\/ViewController.swift","hash":"21c7b1832448ab4a541f53709768178e7a230cc9"}],"configHash":"a70740f4251290e930244ff9e0d2c858b1a60cd8","dependencyPathsHash":"a0419b87751ab380d620e9159343c4bb45c58d0e","targetPathsHash":"0651a0087ac72719b563a5c2f5a30405f638e2a6","mockedTypesHash":"0c8f79f198cec79a96b8fbe78336262768fd000d","outputHash":"032381d0fb2dafdf5121fe158cded6782931b780","dependencies":[],"sourceRoot":"\/Users\/vuminhtan\/Desktop\/iOS_TechMaster\/Project\/NewfeedsApp","supportingFilePaths":[{"path":"\/Users\/vuminhtan\/Desktop\/iOS_TechMaster\/Project\/NewfeedsApp\/MockingbirdSupport\/AppKit\/NSResponder.swift","hash":"21296949c6d570892c8665a450e62c234c938790"},{"path":"\/Users\/vuminhtan\/Desktop\/iOS_TechMaster\/Project\/NewfeedsApp\/MockingbirdSupport\/AppKit\/NSView.swift","hash":"85b3183be144012a7e105e292426c3d9f8966072"},{"path":"\/Users\/vuminhtan\/Desktop\/iOS_TechMaster\/Project\/NewfeedsApp\/MockingbirdSupport\/AppKit\/NSViewController.swift","hash":"d8785e8a119f2723c8840534df0ad8ac61409797"},{"path":"\/Users\/vuminhtan\/Desktop\/iOS_TechMaster\/Project\/NewfeedsApp\/MockingbirdSupport\/Foundation\/ObjectiveC\/NSObject.swift","hash":"cf466772b8c2d80d31f34b93b501b398fbb8854d"},{"path":"\/Users\/vuminhtan\/Desktop\/iOS_TechMaster\/Project\/NewfeedsApp\/MockingbirdSupport\/Foundation\/ObjectiveC\/NSObject.swift","hash":"cf466772b8c2d80d31f34b93b501b398fbb8854d"},{"path":"\/Users\/vuminhtan\/Desktop\/iOS_TechMaster\/Project\/NewfeedsApp\/MockingbirdSupport\/Swift\/Codable.swift","hash":"57675d8b36a2db7b093b3542bd3225a88992c3bc"},{"path":"\/Users\/vuminhtan\/Desktop\/iOS_TechMaster\/Project\/NewfeedsApp\/MockingbirdSupport\/Swift\/Comparable.swift","hash":"d0d110744eeaf2f8fdd2f8a41df3452f35286bb7"},{"path":"\/Users\/vuminhtan\/Desktop\/iOS_TechMaster\/Project\/NewfeedsApp\/MockingbirdSupport\/Swift\/Equatable.swift","hash":"2e7674f4e23a5ab7aef45b91b63c0ed5934c3b83"},{"path":"\/Users\/vuminhtan\/Desktop\/iOS_TechMaster\/Project\/NewfeedsApp\/MockingbirdSupport\/Swift\/Hashable.swift","hash":"f59ec249aa03e312f2bda7c3b397c0dccd880a21"},{"path":"\/Users\/vuminhtan\/Desktop\/iOS_TechMaster\/Project\/NewfeedsApp\/MockingbirdSupport\/Swift\/Misc.swift","hash":"c139249ec5799f1ec64c3d9e7d8c1f286b894035"},{"path":"\/Users\/vuminhtan\/Desktop\/iOS_TechMaster\/Project\/NewfeedsApp\/MockingbirdSupport\/UIKit\/UIControl.swift","hash":"9363a4c38002598dbbc1198f16fe7198b8151d24"},{"path":"\/Users\/vuminhtan\/Desktop\/iOS_TechMaster\/Project\/NewfeedsApp\/MockingbirdSupport\/UIKit\/UILabel.swift","hash":"e26a734695bfe008598ed0d8c936683db78f40ac"},{"path":"\/Users\/vuminhtan\/Desktop\/iOS_TechMaster\/Project\/NewfeedsApp\/MockingbirdSupport\/UIKit\/UIView.swift","hash":"10e6b03a9c5a76f720c17fcb82af82ff66994926"},{"path":"\/Users\/vuminhtan\/Desktop\/iOS_TechMaster\/Project\/NewfeedsApp\/MockingbirdSupport\/UIKit\/UIViewController.swift","hash":"bbd8980a22029f339b0e8746124fd06d94730570"}],"name":"NewfeedsApp","projectHash":"cf6f0b58daf7f5bd5f1282dd0a9cc630894a1e5f"}