{"projectHash":"cf6f0b58daf7f5bd5f1282dd0a9cc630894a1e5f","productModuleName":"NewfeedsAppTests","mockedTypeNames":["\/Users\/vuminhtan\/Desktop\/iOS_TechMaster\/Project\/NewfeedsApp\/NewfeedsAppTests\/TestLoginPresenter.swift",["LoginDisplay"]],"cliVersion":"0.20.0","sourceFilePaths":[{"path":"\/Users\/vuminhtan\/Desktop\/iOS_TechMaster\/Project\/NewfeedsApp\/MockingbirdMocks\/NewfeedsAppTests-NewfeedsAppMocks.generated.swift","hash":"032381d0fb2dafdf5121fe158cded6782931b780"},{"path":"\/Users\/vuminhtan\/Desktop\/iOS_TechMaster\/Project\/NewfeedsApp\/NewfeedsAppTests\/TestLoginPresenter.swift","hash":"86712d1e7a2a6392f768b9d233f0f555f76a23eb"}],"sourceRoot":"\/Users\/vuminhtan\/Desktop\/iOS_TechMaster\/Project\/NewfeedsApp","dependencies":[],"name":"NewfeedsAppTests"}