// !$*UTF8*$!
{
	archiveVersion = 1;
	classes = {
	};
	objectVersion = 56;
	objects = {

/* Begin PBXBuildFile section */
		3B9EE9E3ADABAB8A7626159C /* NewfeedsAppTests-NewfeedsAppMocks.generated.swift in Sources */ = {isa = PBXBuildFile; fileRef = FD0E22D1FC1859A1EB178B99 /* NewfeedsAppTests-NewfeedsAppMocks.generated.swift */; };
		63F87B125EE4240250C58DFE /* Pods_NewfeedsApp.framework in Frameworks */ = {isa = PBXBuildFile; fileRef = E59FFE6D9FC0939AA6C21E3D /* Pods_NewfeedsApp.framework */; };
		B4A6E29C2A2A17B5007F809B /* AppDelegate.swift in Sources */ = {isa = PBXBuildFile; fileRef = B4A6E29B2A2A17B5007F809B /* AppDelegate.swift */; };
		B4A6E29E2A2A17B5007F809B /* SceneDelegate.swift in Sources */ = {isa = PBXBuildFile; fileRef = B4A6E29D2A2A17B5007F809B /* SceneDelegate.swift */; };
		B4A6E2A02A2A17B5007F809B /* ViewController.swift in Sources */ = {isa = PBXBuildFile; fileRef = B4A6E29F2A2A17B5007F809B /* ViewController.swift */; };
		B4A6E2A32A2A17B5007F809B /* Main.storyboard in Resources */ = {isa = PBXBuildFile; fileRef = B4A6E2A12A2A17B5007F809B /* Main.storyboard */; };
		B4A6E2A52A2A17B7007F809B /* Assets.xcassets in Resources */ = {isa = PBXBuildFile; fileRef = B4A6E2A42A2A17B7007F809B /* Assets.xcassets */; };
		B4A6E2A82A2A17B7007F809B /* LaunchScreen.storyboard in Resources */ = {isa = PBXBuildFile; fileRef = B4A6E2A62A2A17B7007F809B /* LaunchScreen.storyboard */; };
		B4A6E2BA2A2A1A8D007F809B /* TutorialCollectionViewCell.xib in Resources */ = {isa = PBXBuildFile; fileRef = B4A6E2B22A2A1A8D007F809B /* TutorialCollectionViewCell.xib */; };
		B4A6E2BB2A2A1A8D007F809B /* ItemSection2CollectionViewCell.xib in Resources */ = {isa = PBXBuildFile; fileRef = B4A6E2B32A2A1A8D007F809B /* ItemSection2CollectionViewCell.xib */; };
		B4A6E2BC2A2A1A8D007F809B /* ItemSection2CollectionViewCell.swift in Sources */ = {isa = PBXBuildFile; fileRef = B4A6E2B42A2A1A8D007F809B /* ItemSection2CollectionViewCell.swift */; };
		B4A6E2BD2A2A1A8D007F809B /* TutorialCollectionViewCell.swift in Sources */ = {isa = PBXBuildFile; fileRef = B4A6E2B52A2A1A8D007F809B /* TutorialCollectionViewCell.swift */; };
		B4A6E2BE2A2A1A8D007F809B /* ItemSection1CollectionViewCell.xib in Resources */ = {isa = PBXBuildFile; fileRef = B4A6E2B62A2A1A8D007F809B /* ItemSection1CollectionViewCell.xib */; };
		B4A6E2BF2A2A1A8D007F809B /* ItemSection1CollectionViewCell.swift in Sources */ = {isa = PBXBuildFile; fileRef = B4A6E2B72A2A1A8D007F809B /* ItemSection1CollectionViewCell.swift */; };
		B4A6E2C02A2A1A8D007F809B /* TutorialViewController.swift in Sources */ = {isa = PBXBuildFile; fileRef = B4A6E2B82A2A1A8D007F809B /* TutorialViewController.swift */; };
		B4B306252A2B951600290DCE /* RegisterViewController.swift in Sources */ = {isa = PBXBuildFile; fileRef = B4B306242A2B951600290DCE /* RegisterViewController.swift */; };
		B4B306272A2B952300290DCE /* LoginViewController.swift in Sources */ = {isa = PBXBuildFile; fileRef = B4B306262A2B952300290DCE /* LoginViewController.swift */; };
		B4DC967D2A2E102800D62E39 /* LoginPresenter.swift in Sources */ = {isa = PBXBuildFile; fileRef = B4DC967C2A2E102800D62E39 /* LoginPresenter.swift */; };
		B4DC96802A2E110F00D62E39 /* TestLoginPresenter.swift in Sources */ = {isa = PBXBuildFile; fileRef = B4DC967F2A2E110F00D62E39 /* TestLoginPresenter.swift */; };
		B4DC96822A2E21D500D62E39 /* AuthRepository.swift in Sources */ = {isa = PBXBuildFile; fileRef = B4DC96812A2E21D500D62E39 /* AuthRepository.swift */; };
		B4DC96862A2E227800D62E39 /* LoginEntity.swift in Sources */ = {isa = PBXBuildFile; fileRef = B4DC96852A2E227800D62E39 /* LoginEntity.swift */; };
		B4DC96892A2E241500D62E39 /* AuthAPIService.swift in Sources */ = {isa = PBXBuildFile; fileRef = B4DC96882A2E241500D62E39 /* AuthAPIService.swift */; };
		B4FC45542A30B12E004BD334 /* AuthRouter.swift in Sources */ = {isa = PBXBuildFile; fileRef = B4FC45532A30B12E004BD334 /* AuthRouter.swift */; };
		B4FC45572A30B2A6004BD334 /* NetworkConstant.swift in Sources */ = {isa = PBXBuildFile; fileRef = B4FC45562A30B2A6004BD334 /* NetworkConstant.swift */; };
		B4FC455A2A323282004BD334 /* RegisterPresenter.swift in Sources */ = {isa = PBXBuildFile; fileRef = B4FC45592A323282004BD334 /* RegisterPresenter.swift */; };
		B4FC455D2A324D18004BD334 /* Validator.swift in Sources */ = {isa = PBXBuildFile; fileRef = B4FC455C2A324D18004BD334 /* Validator.swift */; };
		B4FC45622A325BCF004BD334 /* RegisterEntity.swift in Sources */ = {isa = PBXBuildFile; fileRef = B4FC45612A325BCF004BD334 /* RegisterEntity.swift */; };
		E13975E2C04AB087241B0F44 /* Pods_NewfeedsApp_NewfeedsAppTests.framework in Frameworks */ = {isa = PBXBuildFile; fileRef = F10041C35AB43531E4D986A7 /* Pods_NewfeedsApp_NewfeedsAppTests.framework */; };
/* End PBXBuildFile section */

/* Begin PBXContainerItemProxy section */
		B4DC96772A2E0D4E00D62E39 /* PBXContainerItemProxy */ = {
			isa = PBXContainerItemProxy;
			containerPortal = B4A6E2902A2A17B5007F809B /* Project object */;
			proxyType = 1;
			remoteGlobalIDString = B4A6E2972A2A17B5007F809B;
			remoteInfo = NewfeedsApp;
		};
/* End PBXContainerItemProxy section */

/* Begin PBXFileReference section */
		005C68B8FB4F643B4593D036 /* Pods-NewfeedsApp.release.xcconfig */ = {isa = PBXFileReference; includeInIndex = 1; lastKnownFileType = text.xcconfig; name = "Pods-NewfeedsApp.release.xcconfig"; path = "Target Support Files/Pods-NewfeedsApp/Pods-NewfeedsApp.release.xcconfig"; sourceTree = "<group>"; };
		16042DFEED38E3D05218DB05 /* Pods-NewfeedsApp-NewfeedsAppTests.debug.xcconfig */ = {isa = PBXFileReference; includeInIndex = 1; lastKnownFileType = text.xcconfig; name = "Pods-NewfeedsApp-NewfeedsAppTests.debug.xcconfig"; path = "Target Support Files/Pods-NewfeedsApp-NewfeedsAppTests/Pods-NewfeedsApp-NewfeedsAppTests.debug.xcconfig"; sourceTree = "<group>"; };
		773D1B02BD4687B9A06598BC /* Pods-NewfeedsApp-NewfeedsAppTests.release.xcconfig */ = {isa = PBXFileReference; includeInIndex = 1; lastKnownFileType = text.xcconfig; name = "Pods-NewfeedsApp-NewfeedsAppTests.release.xcconfig"; path = "Target Support Files/Pods-NewfeedsApp-NewfeedsAppTests/Pods-NewfeedsApp-NewfeedsAppTests.release.xcconfig"; sourceTree = "<group>"; };
		B4A6E2982A2A17B5007F809B /* NewfeedsApp.app */ = {isa = PBXFileReference; explicitFileType = wrapper.application; includeInIndex = 0; path = NewfeedsApp.app; sourceTree = BUILT_PRODUCTS_DIR; };
		B4A6E29B2A2A17B5007F809B /* AppDelegate.swift */ = {isa = PBXFileReference; lastKnownFileType = sourcecode.swift; path = AppDelegate.swift; sourceTree = "<group>"; };
		B4A6E29D2A2A17B5007F809B /* SceneDelegate.swift */ = {isa = PBXFileReference; lastKnownFileType = sourcecode.swift; path = SceneDelegate.swift; sourceTree = "<group>"; };
		B4A6E29F2A2A17B5007F809B /* ViewController.swift */ = {isa = PBXFileReference; lastKnownFileType = sourcecode.swift; path = ViewController.swift; sourceTree = "<group>"; };
		B4A6E2A22A2A17B5007F809B /* Base */ = {isa = PBXFileReference; lastKnownFileType = file.storyboard; name = Base; path = Base.lproj/Main.storyboard; sourceTree = "<group>"; };
		B4A6E2A42A2A17B7007F809B /* Assets.xcassets */ = {isa = PBXFileReference; lastKnownFileType = folder.assetcatalog; path = Assets.xcassets; sourceTree = "<group>"; };
		B4A6E2A72A2A17B7007F809B /* Base */ = {isa = PBXFileReference; lastKnownFileType = file.storyboard; name = Base; path = Base.lproj/LaunchScreen.storyboard; sourceTree = "<group>"; };
		B4A6E2A92A2A17B7007F809B /* Info.plist */ = {isa = PBXFileReference; lastKnownFileType = text.plist.xml; path = Info.plist; sourceTree = "<group>"; };
		B4A6E2B22A2A1A8D007F809B /* TutorialCollectionViewCell.xib */ = {isa = PBXFileReference; fileEncoding = 4; lastKnownFileType = file.xib; path = TutorialCollectionViewCell.xib; sourceTree = "<group>"; };
		B4A6E2B32A2A1A8D007F809B /* ItemSection2CollectionViewCell.xib */ = {isa = PBXFileReference; fileEncoding = 4; lastKnownFileType = file.xib; path = ItemSection2CollectionViewCell.xib; sourceTree = "<group>"; };
		B4A6E2B42A2A1A8D007F809B /* ItemSection2CollectionViewCell.swift */ = {isa = PBXFileReference; fileEncoding = 4; lastKnownFileType = sourcecode.swift; path = ItemSection2CollectionViewCell.swift; sourceTree = "<group>"; };
		B4A6E2B52A2A1A8D007F809B /* TutorialCollectionViewCell.swift */ = {isa = PBXFileReference; fileEncoding = 4; lastKnownFileType = sourcecode.swift; path = TutorialCollectionViewCell.swift; sourceTree = "<group>"; };
		B4A6E2B62A2A1A8D007F809B /* ItemSection1CollectionViewCell.xib */ = {isa = PBXFileReference; fileEncoding = 4; lastKnownFileType = file.xib; path = ItemSection1CollectionViewCell.xib; sourceTree = "<group>"; };
		B4A6E2B72A2A1A8D007F809B /* ItemSection1CollectionViewCell.swift */ = {isa = PBXFileReference; fileEncoding = 4; lastKnownFileType = sourcecode.swift; path = ItemSection1CollectionViewCell.swift; sourceTree = "<group>"; };
		B4A6E2B82A2A1A8D007F809B /* TutorialViewController.swift */ = {isa = PBXFileReference; fileEncoding = 4; lastKnownFileType = sourcecode.swift; path = TutorialViewController.swift; sourceTree = "<group>"; };
		B4B306242A2B951600290DCE /* RegisterViewController.swift */ = {isa = PBXFileReference; lastKnownFileType = sourcecode.swift; path = RegisterViewController.swift; sourceTree = "<group>"; };
		B4B306262A2B952300290DCE /* LoginViewController.swift */ = {isa = PBXFileReference; lastKnownFileType = sourcecode.swift; path = LoginViewController.swift; sourceTree = "<group>"; };
		B4DC96732A2E0D4E00D62E39 /* NewfeedsAppTests.xctest */ = {isa = PBXFileReference; explicitFileType = wrapper.cfbundle; includeInIndex = 0; path = NewfeedsAppTests.xctest; sourceTree = BUILT_PRODUCTS_DIR; };
		B4DC967C2A2E102800D62E39 /* LoginPresenter.swift */ = {isa = PBXFileReference; lastKnownFileType = sourcecode.swift; path = LoginPresenter.swift; sourceTree = "<group>"; };
		B4DC967E2A2E110F00D62E39 /* NewfeedsAppTests-Bridging-Header.h */ = {isa = PBXFileReference; lastKnownFileType = sourcecode.c.h; path = "NewfeedsAppTests-Bridging-Header.h"; sourceTree = "<group>"; };
		B4DC967F2A2E110F00D62E39 /* TestLoginPresenter.swift */ = {isa = PBXFileReference; lastKnownFileType = sourcecode.swift; path = TestLoginPresenter.swift; sourceTree = "<group>"; };
		B4DC96812A2E21D500D62E39 /* AuthRepository.swift */ = {isa = PBXFileReference; lastKnownFileType = sourcecode.swift; path = AuthRepository.swift; sourceTree = "<group>"; };
		B4DC96852A2E227800D62E39 /* LoginEntity.swift */ = {isa = PBXFileReference; lastKnownFileType = sourcecode.swift; path = LoginEntity.swift; sourceTree = "<group>"; };
		B4DC96882A2E241500D62E39 /* AuthAPIService.swift */ = {isa = PBXFileReference; lastKnownFileType = sourcecode.swift; path = AuthAPIService.swift; sourceTree = "<group>"; };
		B4FC45532A30B12E004BD334 /* AuthRouter.swift */ = {isa = PBXFileReference; lastKnownFileType = sourcecode.swift; path = AuthRouter.swift; sourceTree = "<group>"; };
		B4FC45562A30B2A6004BD334 /* NetworkConstant.swift */ = {isa = PBXFileReference; lastKnownFileType = sourcecode.swift; path = NetworkConstant.swift; sourceTree = "<group>"; };
		B4FC45592A323282004BD334 /* RegisterPresenter.swift */ = {isa = PBXFileReference; lastKnownFileType = sourcecode.swift; path = RegisterPresenter.swift; sourceTree = "<group>"; };
		B4FC455C2A324D18004BD334 /* Validator.swift */ = {isa = PBXFileReference; lastKnownFileType = sourcecode.swift; path = Validator.swift; sourceTree = "<group>"; };
		B4FC45612A325BCF004BD334 /* RegisterEntity.swift */ = {isa = PBXFileReference; lastKnownFileType = sourcecode.swift; path = RegisterEntity.swift; sourceTree = "<group>"; };
		E59FFE6D9FC0939AA6C21E3D /* Pods_NewfeedsApp.framework */ = {isa = PBXFileReference; explicitFileType = wrapper.framework; includeInIndex = 0; path = Pods_NewfeedsApp.framework; sourceTree = BUILT_PRODUCTS_DIR; };
		F10041C35AB43531E4D986A7 /* Pods_NewfeedsApp_NewfeedsAppTests.framework */ = {isa = PBXFileReference; explicitFileType = wrapper.framework; includeInIndex = 0; path = Pods_NewfeedsApp_NewfeedsAppTests.framework; sourceTree = BUILT_PRODUCTS_DIR; };
		F6A1B3F29A78105560D452E0 /* Pods-NewfeedsApp.debug.xcconfig */ = {isa = PBXFileReference; includeInIndex = 1; lastKnownFileType = text.xcconfig; name = "Pods-NewfeedsApp.debug.xcconfig"; path = "Target Support Files/Pods-NewfeedsApp/Pods-NewfeedsApp.debug.xcconfig"; sourceTree = "<group>"; };
		FD0E22D1FC1859A1EB178B99 /* NewfeedsAppTests-NewfeedsAppMocks.generated.swift */ = {isa = PBXFileReference; explicitFileType = sourcecode.swift; name = "NewfeedsAppTests-NewfeedsAppMocks.generated.swift"; path = "MockingbirdMocks/NewfeedsAppTests-NewfeedsAppMocks.generated.swift"; sourceTree = "<group>"; };
/* End PBXFileReference section */

/* Begin PBXFrameworksBuildPhase section */
		B4A6E2952A2A17B5007F809B /* Frameworks */ = {
			isa = PBXFrameworksBuildPhase;
			buildActionMask = 2147483647;
			files = (
				63F87B125EE4240250C58DFE /* Pods_NewfeedsApp.framework in Frameworks */,
			);
			runOnlyForDeploymentPostprocessing = 0;
		};
		B4DC96702A2E0D4E00D62E39 /* Frameworks */ = {
			isa = PBXFrameworksBuildPhase;
			buildActionMask = 2147483647;
			files = (
				E13975E2C04AB087241B0F44 /* Pods_NewfeedsApp_NewfeedsAppTests.framework in Frameworks */,
			);
			runOnlyForDeploymentPostprocessing = 0;
		};
/* End PBXFrameworksBuildPhase section */

/* Begin PBXGroup section */
		45EB74EEEBF6E261B1A1B1F9 /* Generated Mocks */ = {
			isa = PBXGroup;
			children = (
				FD0E22D1FC1859A1EB178B99 /* NewfeedsAppTests-NewfeedsAppMocks.generated.swift */,
			);
			name = "Generated Mocks";
			sourceTree = "<group>";
		};
		63C062946B2E91A0C586AE3A /* Pods */ = {
			isa = PBXGroup;
			children = (
				F6A1B3F29A78105560D452E0 /* Pods-NewfeedsApp.debug.xcconfig */,
				005C68B8FB4F643B4593D036 /* Pods-NewfeedsApp.release.xcconfig */,
				16042DFEED38E3D05218DB05 /* Pods-NewfeedsApp-NewfeedsAppTests.debug.xcconfig */,
				773D1B02BD4687B9A06598BC /* Pods-NewfeedsApp-NewfeedsAppTests.release.xcconfig */,
			);
			path = Pods;
			sourceTree = "<group>";
		};
		A5255A3E820B653042D0DBA9 /* Frameworks */ = {
			isa = PBXGroup;
			children = (
				E59FFE6D9FC0939AA6C21E3D /* Pods_NewfeedsApp.framework */,
				F10041C35AB43531E4D986A7 /* Pods_NewfeedsApp_NewfeedsAppTests.framework */,
			);
			name = Frameworks;
			sourceTree = "<group>";
		};
		B4A6E28F2A2A17B5007F809B = {
			isa = PBXGroup;
			children = (
				B4A6E29A2A2A17B5007F809B /* NewfeedsApp */,
				B4DC96742A2E0D4E00D62E39 /* NewfeedsAppTests */,
				B4A6E2992A2A17B5007F809B /* Products */,
				63C062946B2E91A0C586AE3A /* Pods */,
				A5255A3E820B653042D0DBA9 /* Frameworks */,
				45EB74EEEBF6E261B1A1B1F9 /* Generated Mocks */,
			);
			sourceTree = "<group>";
		};
		B4A6E2992A2A17B5007F809B /* Products */ = {
			isa = PBXGroup;
			children = (
				B4A6E2982A2A17B5007F809B /* NewfeedsApp.app */,
				B4DC96732A2E0D4E00D62E39 /* NewfeedsAppTests.xctest */,
			);
			name = Products;
			sourceTree = "<group>";
		};
		B4A6E29A2A2A17B5007F809B /* NewfeedsApp */ = {
			isa = PBXGroup;
			children = (
				B4FC455E2A324D1E004BD334 /* Utils */,
				B4FC45552A30B137004BD334 /* Network */,
				B4DC96842A2E226200D62E39 /* Entities */,
				B4DC96832A2E21DB00D62E39 /* Repositories */,
				B4A6E2AF2A2A1A8D007F809B /* Screens */,
				B4A6E29B2A2A17B5007F809B /* AppDelegate.swift */,
				B4A6E29D2A2A17B5007F809B /* SceneDelegate.swift */,
				B4A6E29F2A2A17B5007F809B /* ViewController.swift */,
				B4A6E2A12A2A17B5007F809B /* Main.storyboard */,
				B4A6E2A42A2A17B7007F809B /* Assets.xcassets */,
				B4A6E2A62A2A17B7007F809B /* LaunchScreen.storyboard */,
				B4A6E2A92A2A17B7007F809B /* Info.plist */,
			);
			path = NewfeedsApp;
			sourceTree = "<group>";
		};
		B4A6E2AF2A2A1A8D007F809B /* Screens */ = {
			isa = PBXGroup;
			children = (
				B4FC45582A322ED4004BD334 /* Register */,
				B4B306232A2B94DA00290DCE /* Login */,
				B4A6E2B02A2A1A8D007F809B /* Tutorial */,
			);
			path = Screens;
			sourceTree = "<group>";
		};
		B4A6E2B02A2A1A8D007F809B /* Tutorial */ = {
			isa = PBXGroup;
			children = (
				B4A6E2B82A2A1A8D007F809B /* TutorialViewController.swift */,
				B4A6E2B12A2A1A8D007F809B /* Cells */,
			);
			path = Tutorial;
			sourceTree = "<group>";
		};
		B4A6E2B12A2A1A8D007F809B /* Cells */ = {
			isa = PBXGroup;
			children = (
				B4A6E2B52A2A1A8D007F809B /* TutorialCollectionViewCell.swift */,
				B4A6E2B22A2A1A8D007F809B /* TutorialCollectionViewCell.xib */,
				B4A6E2B32A2A1A8D007F809B /* ItemSection2CollectionViewCell.xib */,
				B4A6E2B42A2A1A8D007F809B /* ItemSection2CollectionViewCell.swift */,
				B4A6E2B62A2A1A8D007F809B /* ItemSection1CollectionViewCell.xib */,
				B4A6E2B72A2A1A8D007F809B /* ItemSection1CollectionViewCell.swift */,
			);
			path = Cells;
			sourceTree = "<group>";
		};
		B4B306232A2B94DA00290DCE /* Login */ = {
			isa = PBXGroup;
			children = (
				B4B306262A2B952300290DCE /* LoginViewController.swift */,
				B4DC967C2A2E102800D62E39 /* LoginPresenter.swift */,
			);
			path = Login;
			sourceTree = "<group>";
		};
		B4DC96742A2E0D4E00D62E39 /* NewfeedsAppTests */ = {
			isa = PBXGroup;
			children = (
				B4DC967F2A2E110F00D62E39 /* TestLoginPresenter.swift */,
				B4DC967E2A2E110F00D62E39 /* NewfeedsAppTests-Bridging-Header.h */,
			);
			path = NewfeedsAppTests;
			sourceTree = "<group>";
		};
		B4DC96832A2E21DB00D62E39 /* Repositories */ = {
			isa = PBXGroup;
			children = (
				B4DC96812A2E21D500D62E39 /* AuthRepository.swift */,
			);
			path = Repositories;
			sourceTree = "<group>";
		};
		B4DC96842A2E226200D62E39 /* Entities */ = {
			isa = PBXGroup;
			children = (
				B4DC96852A2E227800D62E39 /* LoginEntity.swift */,
				B4FC45612A325BCF004BD334 /* RegisterEntity.swift */,
			);
			path = Entities;
			sourceTree = "<group>";
		};
		B4DC96872A2E23EC00D62E39 /* APISevices */ = {
			isa = PBXGroup;
			children = (
				B4DC96882A2E241500D62E39 /* AuthAPIService.swift */,
				B4FC45532A30B12E004BD334 /* AuthRouter.swift */,
			);
			path = APISevices;
			sourceTree = "<group>";
		};
		B4FC45552A30B137004BD334 /* Network */ = {
			isa = PBXGroup;
			children = (
				B4DC96872A2E23EC00D62E39 /* APISevices */,
				B4FC45562A30B2A6004BD334 /* NetworkConstant.swift */,
			);
			path = Network;
			sourceTree = "<group>";
		};
		B4FC45582A322ED4004BD334 /* Register */ = {
			isa = PBXGroup;
			children = (
				B4B306242A2B951600290DCE /* RegisterViewController.swift */,
				B4FC45592A323282004BD334 /* RegisterPresenter.swift */,
			);
			path = Register;
			sourceTree = "<group>";
		};
		B4FC455E2A324D1E004BD334 /* Utils */ = {
			isa = PBXGroup;
			children = (
				B4FC455C2A324D18004BD334 /* Validator.swift */,
			);
			path = Utils;
			sourceTree = "<group>";
		};
/* End PBXGroup section */

/* Begin PBXNativeTarget section */
		B4A6E2972A2A17B5007F809B /* NewfeedsApp */ = {
			isa = PBXNativeTarget;
			buildConfigurationList = B4A6E2AC2A2A17B7007F809B /* Build configuration list for PBXNativeTarget "NewfeedsApp" */;
			buildPhases = (
				5D2453D20F681D5206B41687 /* [CP] Check Pods Manifest.lock */,
				B4A6E2942A2A17B5007F809B /* Sources */,
				B4A6E2952A2A17B5007F809B /* Frameworks */,
				B4A6E2962A2A17B5007F809B /* Resources */,
				C70C7B484D5F57904B509794 /* [CP] Embed Pods Frameworks */,
			);
			buildRules = (
			);
			dependencies = (
			);
			name = NewfeedsApp;
			productName = NewfeedsApp;
			productReference = B4A6E2982A2A17B5007F809B /* NewfeedsApp.app */;
			productType = "com.apple.product-type.application";
		};
		B4DC96722A2E0D4E00D62E39 /* NewfeedsAppTests */ = {
			isa = PBXNativeTarget;
			buildConfigurationList = B4DC967B2A2E0D4E00D62E39 /* Build configuration list for PBXNativeTarget "NewfeedsAppTests" */;
			buildPhases = (
				3AAB27B6F3544E5E37112747 /* [CP] Check Pods Manifest.lock */,
				6E109189701AF5E72B733668 /* Generate Mockingbird Mocks */,
				B4DC966F2A2E0D4E00D62E39 /* Sources */,
				B4DC96702A2E0D4E00D62E39 /* Frameworks */,
				B4DC96712A2E0D4E00D62E39 /* Resources */,
				EEE93282D379354635537087 /* [CP] Embed Pods Frameworks */,
			);
			buildRules = (
			);
			dependencies = (
				B4DC96782A2E0D4E00D62E39 /* PBXTargetDependency */,
			);
			name = NewfeedsAppTests;
			productName = NewfeedsAppTests;
			productReference = B4DC96732A2E0D4E00D62E39 /* NewfeedsAppTests.xctest */;
			productType = "com.apple.product-type.bundle.unit-test";
		};
/* End PBXNativeTarget section */

/* Begin PBXProject section */
		B4A6E2902A2A17B5007F809B /* Project object */ = {
			isa = PBXProject;
			attributes = {
				BuildIndependentTargetsInParallel = 1;
				LastSwiftUpdateCheck = 1410;
				LastUpgradeCheck = 1410;
				TargetAttributes = {
					B4A6E2972A2A17B5007F809B = {
						CreatedOnToolsVersion = 14.1;
					};
					B4DC96722A2E0D4E00D62E39 = {
						CreatedOnToolsVersion = 14.1;
						LastSwiftMigration = 1410;
						TestTargetID = B4A6E2972A2A17B5007F809B;
					};
				};
			};
			buildConfigurationList = B4A6E2932A2A17B5007F809B /* Build configuration list for PBXProject "NewfeedsApp" */;
			compatibilityVersion = "Xcode 14.0";
			developmentRegion = en;
			hasScannedForEncodings = 0;
			knownRegions = (
				en,
				Base,
			);
			mainGroup = B4A6E28F2A2A17B5007F809B;
			productRefGroup = B4A6E2992A2A17B5007F809B /* Products */;
			projectDirPath = "";
			projectRoot = "";
			targets = (
				B4A6E2972A2A17B5007F809B /* NewfeedsApp */,
				B4DC96722A2E0D4E00D62E39 /* NewfeedsAppTests */,
			);
		};
/* End PBXProject section */

/* Begin PBXResourcesBuildPhase section */
		B4A6E2962A2A17B5007F809B /* Resources */ = {
			isa = PBXResourcesBuildPhase;
			buildActionMask = 2147483647;
			files = (
				B4A6E2BB2A2A1A8D007F809B /* ItemSection2CollectionViewCell.xib in Resources */,
				B4A6E2A82A2A17B7007F809B /* LaunchScreen.storyboard in Resources */,
				B4A6E2A52A2A17B7007F809B /* Assets.xcassets in Resources */,
				B4A6E2BE2A2A1A8D007F809B /* ItemSection1CollectionViewCell.xib in Resources */,
				B4A6E2BA2A2A1A8D007F809B /* TutorialCollectionViewCell.xib in Resources */,
				B4A6E2A32A2A17B5007F809B /* Main.storyboard in Resources */,
			);
			runOnlyForDeploymentPostprocessing = 0;
		};
		B4DC96712A2E0D4E00D62E39 /* Resources */ = {
			isa = PBXResourcesBuildPhase;
			buildActionMask = 2147483647;
			files = (
			);
			runOnlyForDeploymentPostprocessing = 0;
		};
/* End PBXResourcesBuildPhase section */

/* Begin PBXShellScriptBuildPhase section */
		3AAB27B6F3544E5E37112747 /* [CP] Check Pods Manifest.lock */ = {
			isa = PBXShellScriptBuildPhase;
			buildActionMask = 2147483647;
			files = (
			);
			inputFileListPaths = (
			);
			inputPaths = (
				"${PODS_PODFILE_DIR_PATH}/Podfile.lock",
				"${PODS_ROOT}/Manifest.lock",
			);
			name = "[CP] Check Pods Manifest.lock";
			outputFileListPaths = (
			);
			outputPaths = (
				"$(DERIVED_FILE_DIR)/Pods-NewfeedsApp-NewfeedsAppTests-checkManifestLockResult.txt",
			);
			runOnlyForDeploymentPostprocessing = 0;
			shellPath = /bin/sh;
			shellScript = "diff \"${PODS_PODFILE_DIR_PATH}/Podfile.lock\" \"${PODS_ROOT}/Manifest.lock\" > /dev/null\nif [ $? != 0 ] ; then\n    # print error to STDERR\n    echo \"error: The sandbox is not in sync with the Podfile.lock. Run 'pod install' or update your CocoaPods installation.\" >&2\n    exit 1\nfi\n# This output is used by Xcode 'outputs' to avoid re-running this script phase.\necho \"SUCCESS\" > \"${SCRIPT_OUTPUT_FILE_0}\"\n";
			showEnvVarsInLog = 0;
		};
		5D2453D20F681D5206B41687 /* [CP] Check Pods Manifest.lock */ = {
			isa = PBXShellScriptBuildPhase;
			buildActionMask = 2147483647;
			files = (
			);
			inputFileListPaths = (
			);
			inputPaths = (
				"${PODS_PODFILE_DIR_PATH}/Podfile.lock",
				"${PODS_ROOT}/Manifest.lock",
			);
			name = "[CP] Check Pods Manifest.lock";
			outputFileListPaths = (
			);
			outputPaths = (
				"$(DERIVED_FILE_DIR)/Pods-NewfeedsApp-checkManifestLockResult.txt",
			);
			runOnlyForDeploymentPostprocessing = 0;
			shellPath = /bin/sh;
			shellScript = "diff \"${PODS_PODFILE_DIR_PATH}/Podfile.lock\" \"${PODS_ROOT}/Manifest.lock\" > /dev/null\nif [ $? != 0 ] ; then\n    # print error to STDERR\n    echo \"error: The sandbox is not in sync with the Podfile.lock. Run 'pod install' or update your CocoaPods installation.\" >&2\n    exit 1\nfi\n# This output is used by Xcode 'outputs' to avoid re-running this script phase.\necho \"SUCCESS\" > \"${SCRIPT_OUTPUT_FILE_0}\"\n";
			showEnvVarsInLog = 0;
		};
		6E109189701AF5E72B733668 /* Generate Mockingbird Mocks */ = {
			isa = PBXShellScriptBuildPhase;
			alwaysOutOfDate = 1;
			buildActionMask = 2147483647;
			files = (
			);
			inputPaths = (
			);
			name = "Generate Mockingbird Mocks";
			outputPaths = (
				"$(SRCROOT)/MockingbirdMocks/NewfeedsAppTests-NewfeedsAppMocks.generated.swift",
			);
			runOnlyForDeploymentPostprocessing = 0;
			shellPath = /bin/sh;
			shellScript = "set -eu\n\n# Prevent Xcode 13 from running this script while indexing.\n[[ \"${ACTION}\" == \"indexbuild\" ]] && exit 0\n\n\"${SRCROOT}/Pods/MockingbirdFramework/mockingbird\" generate --targets \"NewfeedsApp\" --outputs \"${SRCROOT}/MockingbirdMocks/NewfeedsAppTests-NewfeedsAppMocks.generated.swift\"";
		};
		C70C7B484D5F57904B509794 /* [CP] Embed Pods Frameworks */ = {
			isa = PBXShellScriptBuildPhase;
			buildActionMask = 2147483647;
			files = (
			);
			inputFileListPaths = (
				"${PODS_ROOT}/Target Support Files/Pods-NewfeedsApp/Pods-NewfeedsApp-frameworks-${CONFIGURATION}-input-files.xcfilelist",
			);
			name = "[CP] Embed Pods Frameworks";
			outputFileListPaths = (
				"${PODS_ROOT}/Target Support Files/Pods-NewfeedsApp/Pods-NewfeedsApp-frameworks-${CONFIGURATION}-output-files.xcfilelist",
			);
			runOnlyForDeploymentPostprocessing = 0;
			shellPath = /bin/sh;
			shellScript = "\"${PODS_ROOT}/Target Support Files/Pods-NewfeedsApp/Pods-NewfeedsApp-frameworks.sh\"\n";
			showEnvVarsInLog = 0;
		};
		EEE93282D379354635537087 /* [CP] Embed Pods Frameworks */ = {
			isa = PBXShellScriptBuildPhase;
			buildActionMask = 2147483647;
			files = (
			);
			inputFileListPaths = (
				"${PODS_ROOT}/Target Support Files/Pods-NewfeedsApp-NewfeedsAppTests/Pods-NewfeedsApp-NewfeedsAppTests-frameworks-${CONFIGURATION}-input-files.xcfilelist",
			);
			name = "[CP] Embed Pods Frameworks";
			outputFileListPaths = (
				"${PODS_ROOT}/Target Support Files/Pods-NewfeedsApp-NewfeedsAppTests/Pods-NewfeedsApp-NewfeedsAppTests-frameworks-${CONFIGURATION}-output-files.xcfilelist",
			);
			runOnlyForDeploymentPostprocessing = 0;
			shellPath = /bin/sh;
			shellScript = "\"${PODS_ROOT}/Target Support Files/Pods-NewfeedsApp-NewfeedsAppTests/Pods-NewfeedsApp-NewfeedsAppTests-frameworks.sh\"\n";
			showEnvVarsInLog = 0;
		};
/* End PBXShellScriptBuildPhase section */

/* Begin PBXSourcesBuildPhase section */
		B4A6E2942A2A17B5007F809B /* Sources */ = {
			isa = PBXSourcesBuildPhase;
			buildActionMask = 2147483647;
			files = (
				B4FC45542A30B12E004BD334 /* AuthRouter.swift in Sources */,
				B4DC96892A2E241500D62E39 /* AuthAPIService.swift in Sources */,
				B4B306272A2B952300290DCE /* LoginViewController.swift in Sources */,
				B4DC96822A2E21D500D62E39 /* AuthRepository.swift in Sources */,
				B4DC96862A2E227800D62E39 /* LoginEntity.swift in Sources */,
				B4A6E2BC2A2A1A8D007F809B /* ItemSection2CollectionViewCell.swift in Sources */,
				B4A6E2C02A2A1A8D007F809B /* TutorialViewController.swift in Sources */,
				B4A6E2BF2A2A1A8D007F809B /* ItemSection1CollectionViewCell.swift in Sources */,
				B4DC967D2A2E102800D62E39 /* LoginPresenter.swift in Sources */,
				B4FC455D2A324D18004BD334 /* Validator.swift in Sources */,
				B4B306252A2B951600290DCE /* RegisterViewController.swift in Sources */,
				B4A6E2A02A2A17B5007F809B /* ViewController.swift in Sources */,
				B4A6E29C2A2A17B5007F809B /* AppDelegate.swift in Sources */,
				B4FC45622A325BCF004BD334 /* RegisterEntity.swift in Sources */,
				B4A6E2BD2A2A1A8D007F809B /* TutorialCollectionViewCell.swift in Sources */,
				B4FC45572A30B2A6004BD334 /* NetworkConstant.swift in Sources */,
				B4A6E29E2A2A17B5007F809B /* SceneDelegate.swift in Sources */,
				B4FC455A2A323282004BD334 /* RegisterPresenter.swift in Sources */,
			);
			runOnlyForDeploymentPostprocessing = 0;
		};
		B4DC966F2A2E0D4E00D62E39 /* Sources */ = {
			isa = PBXSourcesBuildPhase;
			buildActionMask = 2147483647;
			files = (
				B4DC96802A2E110F00D62E39 /* TestLoginPresenter.swift in Sources */,
				3B9EE9E3ADABAB8A7626159C /* NewfeedsAppTests-NewfeedsAppMocks.generated.swift in Sources */,
			);
			runOnlyForDeploymentPostprocessing = 0;
		};
/* End PBXSourcesBuildPhase section */

/* Begin PBXTargetDependency section */
		B4DC96782A2E0D4E00D62E39 /* PBXTargetDependency */ = {
			isa = PBXTargetDependency;
			target = B4A6E2972A2A17B5007F809B /* NewfeedsApp */;
			targetProxy = B4DC96772A2E0D4E00D62E39 /* PBXContainerItemProxy */;
		};
/* End PBXTargetDependency section */

/* Begin PBXVariantGroup section */
		B4A6E2A12A2A17B5007F809B /* Main.storyboard */ = {
			isa = PBXVariantGroup;
			children = (
				B4A6E2A22A2A17B5007F809B /* Base */,
			);
			name = Main.storyboard;
			sourceTree = "<group>";
		};
		B4A6E2A62A2A17B7007F809B /* LaunchScreen.storyboard */ = {
			isa = PBXVariantGroup;
			children = (
				B4A6E2A72A2A17B7007F809B /* Base */,
			);
			name = LaunchScreen.storyboard;
			sourceTree = "<group>";
		};
/* End PBXVariantGroup section */

/* Begin XCBuildConfiguration section */
		B4A6E2AA2A2A17B7007F809B /* Debug */ = {
			isa = XCBuildConfiguration;
			buildSettings = {
				ALWAYS_SEARCH_USER_PATHS = NO;
				CLANG_ANALYZER_NONNULL = YES;
				CLANG_ANALYZER_NUMBER_OBJECT_CONVERSION = YES_AGGRESSIVE;
				CLANG_CXX_LANGUAGE_STANDARD = "gnu++20";
				CLANG_ENABLE_MODULES = YES;
				CLANG_ENABLE_OBJC_ARC = YES;
				CLANG_ENABLE_OBJC_WEAK = YES;
				CLANG_WARN_BLOCK_CAPTURE_AUTORELEASING = YES;
				CLANG_WARN_BOOL_CONVERSION = YES;
				CLANG_WARN_COMMA = YES;
				CLANG_WARN_CONSTANT_CONVERSION = YES;
				CLANG_WARN_DEPRECATED_OBJC_IMPLEMENTATIONS = YES;
				CLANG_WARN_DIRECT_OBJC_ISA_USAGE = YES_ERROR;
				CLANG_WARN_DOCUMENTATION_COMMENTS = YES;
				CLANG_WARN_EMPTY_BODY = YES;
				CLANG_WARN_ENUM_CONVERSION = YES;
				CLANG_WARN_INFINITE_RECURSION = YES;
				CLANG_WARN_INT_CONVERSION = YES;
				CLANG_WARN_NON_LITERAL_NULL_CONVERSION = YES;
				CLANG_WARN_OBJC_IMPLICIT_RETAIN_SELF = YES;
				CLANG_WARN_OBJC_LITERAL_CONVERSION = YES;
				CLANG_WARN_OBJC_ROOT_CLASS = YES_ERROR;
				CLANG_WARN_QUOTED_INCLUDE_IN_FRAMEWORK_HEADER = YES;
				CLANG_WARN_RANGE_LOOP_ANALYSIS = YES;
				CLANG_WARN_STRICT_PROTOTYPES = YES;
				CLANG_WARN_SUSPICIOUS_MOVE = YES;
				CLANG_WARN_UNGUARDED_AVAILABILITY = YES_AGGRESSIVE;
				CLANG_WARN_UNREACHABLE_CODE = YES;
				CLANG_WARN__DUPLICATE_METHOD_MATCH = YES;
				COPY_PHASE_STRIP = NO;
				DEBUG_INFORMATION_FORMAT = dwarf;
				ENABLE_STRICT_OBJC_MSGSEND = YES;
				ENABLE_TESTABILITY = YES;
				GCC_C_LANGUAGE_STANDARD = gnu11;
				GCC_DYNAMIC_NO_PIC = NO;
				GCC_NO_COMMON_BLOCKS = YES;
				GCC_OPTIMIZATION_LEVEL = 0;
				GCC_PREPROCESSOR_DEFINITIONS = (
					"DEBUG=1",
					"$(inherited)",
				);
				GCC_WARN_64_TO_32_BIT_CONVERSION = YES;
				GCC_WARN_ABOUT_RETURN_TYPE = YES_ERROR;
				GCC_WARN_UNDECLARED_SELECTOR = YES;
				GCC_WARN_UNINITIALIZED_AUTOS = YES_AGGRESSIVE;
				GCC_WARN_UNUSED_FUNCTION = YES;
				GCC_WARN_UNUSED_VARIABLE = YES;
				IPHONEOS_DEPLOYMENT_TARGET = 16.1;
				MTL_ENABLE_DEBUG_INFO = INCLUDE_SOURCE;
				MTL_FAST_MATH = YES;
				ONLY_ACTIVE_ARCH = YES;
				SDKROOT = iphoneos;
				SWIFT_ACTIVE_COMPILATION_CONDITIONS = DEBUG;
				SWIFT_OPTIMIZATION_LEVEL = "-Onone";
			};
			name = Debug;
		};
		B4A6E2AB2A2A17B7007F809B /* Release */ = {
			isa = XCBuildConfiguration;
			buildSettings = {
				ALWAYS_SEARCH_USER_PATHS = NO;
				CLANG_ANALYZER_NONNULL = YES;
				CLANG_ANALYZER_NUMBER_OBJECT_CONVERSION = YES_AGGRESSIVE;
				CLANG_CXX_LANGUAGE_STANDARD = "gnu++20";
				CLANG_ENABLE_MODULES = YES;
				CLANG_ENABLE_OBJC_ARC = YES;
				CLANG_ENABLE_OBJC_WEAK = YES;
				CLANG_WARN_BLOCK_CAPTURE_AUTORELEASING = YES;
				CLANG_WARN_BOOL_CONVERSION = YES;
				CLANG_WARN_COMMA = YES;
				CLANG_WARN_CONSTANT_CONVERSION = YES;
				CLANG_WARN_DEPRECATED_OBJC_IMPLEMENTATIONS = YES;
				CLANG_WARN_DIRECT_OBJC_ISA_USAGE = YES_ERROR;
				CLANG_WARN_DOCUMENTATION_COMMENTS = YES;
				CLANG_WARN_EMPTY_BODY = YES;
				CLANG_WARN_ENUM_CONVERSION = YES;
				CLANG_WARN_INFINITE_RECURSION = YES;
				CLANG_WARN_INT_CONVERSION = YES;
				CLANG_WARN_NON_LITERAL_NULL_CONVERSION = YES;
				CLANG_WARN_OBJC_IMPLICIT_RETAIN_SELF = YES;
				CLANG_WARN_OBJC_LITERAL_CONVERSION = YES;
				CLANG_WARN_OBJC_ROOT_CLASS = YES_ERROR;
				CLANG_WARN_QUOTED_INCLUDE_IN_FRAMEWORK_HEADER = YES;
				CLANG_WARN_RANGE_LOOP_ANALYSIS = YES;
				CLANG_WARN_STRICT_PROTOTYPES = YES;
				CLANG_WARN_SUSPICIOUS_MOVE = YES;
				CLANG_WARN_UNGUARDED_AVAILABILITY = YES_AGGRESSIVE;
				CLANG_WARN_UNREACHABLE_CODE = YES;
				CLANG_WARN__DUPLICATE_METHOD_MATCH = YES;
				COPY_PHASE_STRIP = NO;
				DEBUG_INFORMATION_FORMAT = "dwarf-with-dsym";
				ENABLE_NS_ASSERTIONS = NO;
				ENABLE_STRICT_OBJC_MSGSEND = YES;
				GCC_C_LANGUAGE_STANDARD = gnu11;
				GCC_NO_COMMON_BLOCKS = YES;
				GCC_WARN_64_TO_32_BIT_CONVERSION = YES;
				GCC_WARN_ABOUT_RETURN_TYPE = YES_ERROR;
				GCC_WARN_UNDECLARED_SELECTOR = YES;
				GCC_WARN_UNINITIALIZED_AUTOS = YES_AGGRESSIVE;
				GCC_WARN_UNUSED_FUNCTION = YES;
				GCC_WARN_UNUSED_VARIABLE = YES;
				IPHONEOS_DEPLOYMENT_TARGET = 16.1;
				MTL_ENABLE_DEBUG_INFO = NO;
				MTL_FAST_MATH = YES;
				SDKROOT = iphoneos;
				SWIFT_COMPILATION_MODE = wholemodule;
				SWIFT_OPTIMIZATION_LEVEL = "-O";
				VALIDATE_PRODUCT = YES;
			};
			name = Release;
		};
		B4A6E2AD2A2A17B7007F809B /* Debug */ = {
			isa = XCBuildConfiguration;
			baseConfigurationReference = F6A1B3F29A78105560D452E0 /* Pods-NewfeedsApp.debug.xcconfig */;
			buildSettings = {
				ASSETCATALOG_COMPILER_APPICON_NAME = AppIcon;
				ASSETCATALOG_COMPILER_GLOBAL_ACCENT_COLOR_NAME = AccentColor;
				CODE_SIGN_STYLE = Automatic;
				CURRENT_PROJECT_VERSION = 1;
				GENERATE_INFOPLIST_FILE = YES;
				INFOPLIST_FILE = NewfeedsApp/Info.plist;
				INFOPLIST_KEY_UIApplicationSupportsIndirectInputEvents = YES;
				INFOPLIST_KEY_UILaunchStoryboardName = LaunchScreen;
				INFOPLIST_KEY_UIMainStoryboardFile = Main;
				INFOPLIST_KEY_UISupportedInterfaceOrientations_iPad = "UIInterfaceOrientationPortrait UIInterfaceOrientationPortraitUpsideDown UIInterfaceOrientationLandscapeLeft UIInterfaceOrientationLandscapeRight";
				INFOPLIST_KEY_UISupportedInterfaceOrientations_iPhone = "UIInterfaceOrientationPortrait UIInterfaceOrientationLandscapeLeft UIInterfaceOrientationLandscapeRight";
				LD_RUNPATH_SEARCH_PATHS = (
					"$(inherited)",
					"@executable_path/Frameworks",
				);
				MARKETING_VERSION = 1.0;
				PRODUCT_BUNDLE_IDENTIFIER = com.tanvm.NewfeedsApp;
				PRODUCT_NAME = "$(TARGET_NAME)";
				SWIFT_EMIT_LOC_STRINGS = YES;
				SWIFT_VERSION = 5.0;
				TARGETED_DEVICE_FAMILY = "1,2";
			};
			name = Debug;
		};
		B4A6E2AE2A2A17B7007F809B /* Release */ = {
			isa = XCBuildConfiguration;
			baseConfigurationReference = 005C68B8FB4F643B4593D036 /* Pods-NewfeedsApp.release.xcconfig */;
			buildSettings = {
				ASSETCATALOG_COMPILER_APPICON_NAME = AppIcon;
				ASSETCATALOG_COMPILER_GLOBAL_ACCENT_COLOR_NAME = AccentColor;
				CODE_SIGN_STYLE = Automatic;
				CURRENT_PROJECT_VERSION = 1;
				GENERATE_INFOPLIST_FILE = YES;
				INFOPLIST_FILE = NewfeedsApp/Info.plist;
				INFOPLIST_KEY_UIApplicationSupportsIndirectInputEvents = YES;
				INFOPLIST_KEY_UILaunchStoryboardName = LaunchScreen;
				INFOPLIST_KEY_UIMainStoryboardFile = Main;
				INFOPLIST_KEY_UISupportedInterfaceOrientations_iPad = "UIInterfaceOrientationPortrait UIInterfaceOrientationPortraitUpsideDown UIInterfaceOrientationLandscapeLeft UIInterfaceOrientationLandscapeRight";
				INFOPLIST_KEY_UISupportedInterfaceOrientations_iPhone = "UIInterfaceOrientationPortrait UIInterfaceOrientationLandscapeLeft UIInterfaceOrientationLandscapeRight";
				LD_RUNPATH_SEARCH_PATHS = (
					"$(inherited)",
					"@executable_path/Frameworks",
				);
				MARKETING_VERSION = 1.0;
				PRODUCT_BUNDLE_IDENTIFIER = com.tanvm.NewfeedsApp;
				PRODUCT_NAME = "$(TARGET_NAME)";
				SWIFT_EMIT_LOC_STRINGS = YES;
				SWIFT_VERSION = 5.0;
				TARGETED_DEVICE_FAMILY = "1,2";
			};
			name = Release;
		};
		B4DC96792A2E0D4E00D62E39 /* Debug */ = {
			isa = XCBuildConfiguration;
			baseConfigurationReference = 16042DFEED38E3D05218DB05 /* Pods-NewfeedsApp-NewfeedsAppTests.debug.xcconfig */;
			buildSettings = {
				BUNDLE_LOADER = "$(TEST_HOST)";
				CLANG_ENABLE_MODULES = YES;
				CODE_SIGN_STYLE = Automatic;
				CURRENT_PROJECT_VERSION = 1;
				GENERATE_INFOPLIST_FILE = YES;
				LD_RUNPATH_SEARCH_PATHS = (
					"$(inherited)",
					"@executable_path/Frameworks",
					"@loader_path/Frameworks",
				);
				MARKETING_VERSION = 1.0;
				PRODUCT_BUNDLE_IDENTIFIER = com.tanvm.NewfeedsAppTests;
				PRODUCT_NAME = "$(TARGET_NAME)";
				SWIFT_EMIT_LOC_STRINGS = NO;
				SWIFT_OBJC_BRIDGING_HEADER = "NewfeedsAppTests/NewfeedsAppTests-Bridging-Header.h";
				SWIFT_OPTIMIZATION_LEVEL = "-Onone";
				SWIFT_VERSION = 5.0;
				TARGETED_DEVICE_FAMILY = "1,2";
				TEST_HOST = "$(BUILT_PRODUCTS_DIR)/NewfeedsApp.app/$(BUNDLE_EXECUTABLE_FOLDER_PATH)/NewfeedsApp";
			};
			name = Debug;
		};
		B4DC967A2A2E0D4E00D62E39 /* Release */ = {
			isa = XCBuildConfiguration;
			baseConfigurationReference = 773D1B02BD4687B9A06598BC /* Pods-NewfeedsApp-NewfeedsAppTests.release.xcconfig */;
			buildSettings = {
				BUNDLE_LOADER = "$(TEST_HOST)";
				CLANG_ENABLE_MODULES = YES;
				CODE_SIGN_STYLE = Automatic;
				CURRENT_PROJECT_VERSION = 1;
				GENERATE_INFOPLIST_FILE = YES;
				LD_RUNPATH_SEARCH_PATHS = (
					"$(inherited)",
					"@executable_path/Frameworks",
					"@loader_path/Frameworks",
				);
				MARKETING_VERSION = 1.0;
				PRODUCT_BUNDLE_IDENTIFIER = com.tanvm.NewfeedsAppTests;
				PRODUCT_NAME = "$(TARGET_NAME)";
				SWIFT_EMIT_LOC_STRINGS = NO;
				SWIFT_OBJC_BRIDGING_HEADER = "NewfeedsAppTests/NewfeedsAppTests-Bridging-Header.h";
				SWIFT_VERSION = 5.0;
				TARGETED_DEVICE_FAMILY = "1,2";
				TEST_HOST = "$(BUILT_PRODUCTS_DIR)/NewfeedsApp.app/$(BUNDLE_EXECUTABLE_FOLDER_PATH)/NewfeedsApp";
			};
			name = Release;
		};
/* End XCBuildConfiguration section */

/* Begin XCConfigurationList section */
		B4A6E2932A2A17B5007F809B /* Build configuration list for PBXProject "NewfeedsApp" */ = {
			isa = XCConfigurationList;
			buildConfigurations = (
				B4A6E2AA2A2A17B7007F809B /* Debug */,
				B4A6E2AB2A2A17B7007F809B /* Release */,
			);
			defaultConfigurationIsVisible = 0;
			defaultConfigurationName = Release;
		};
		B4A6E2AC2A2A17B7007F809B /* Build configuration list for PBXNativeTarget "NewfeedsApp" */ = {
			isa = XCConfigurationList;
			buildConfigurations = (
				B4A6E2AD2A2A17B7007F809B /* Debug */,
				B4A6E2AE2A2A17B7007F809B /* Release */,
			);
			defaultConfigurationIsVisible = 0;
			defaultConfigurationName = Release;
		};
		B4DC967B2A2E0D4E00D62E39 /* Build configuration list for PBXNativeTarget "NewfeedsAppTests" */ = {
			isa = XCConfigurationList;
			buildConfigurations = (
				B4DC96792A2E0D4E00D62E39 /* Debug */,
				B4DC967A2A2E0D4E00D62E39 /* Release */,
			);
			defaultConfigurationIsVisible = 0;
			defaultConfigurationName = Release;
		};
/* End XCConfigurationList section */
	};
	rootObject = B4A6E2902A2A17B5007F809B /* Project object */;
}
