// !$*UTF8*$!
{
	archiveVersion = 1;
	classes = {
	};
	objectVersion = 56;
	objects = {

/* Begin PBXBuildFile section */
		63F87B125EE4240250C58DFE /* Pods_NewfeedsApp.framework in Frameworks */ = {isa = PBXBuildFile; fileRef = E59FFE6D9FC0939AA6C21E3D /* Pods_NewfeedsApp.framework */; };
		B4A6E29C2A2A17B5007F809B /* AppDelegate.swift in Sources */ = {isa = PBXBuildFile; fileRef = B4A6E29B2A2A17B5007F809B /* AppDelegate.swift */; };
		B4A6E29E2A2A17B5007F809B /* SceneDelegate.swift in Sources */ = {isa = PBXBuildFile; fileRef = B4A6E29D2A2A17B5007F809B /* SceneDelegate.swift */; };
		B4A6E2A02A2A17B5007F809B /* ViewController.swift in Sources */ = {isa = PBXBuildFile; fileRef = B4A6E29F2A2A17B5007F809B /* ViewController.swift */; };
		B4A6E2A32A2A17B5007F809B /* Main.storyboard in Resources */ = {isa = PBXBuildFile; fileRef = B4A6E2A12A2A17B5007F809B /* Main.storyboard */; };
		B4A6E2A52A2A17B7007F809B /* Assets.xcassets in Resources */ = {isa = PBXBuildFile; fileRef = B4A6E2A42A2A17B7007F809B /* Assets.xcassets */; };
		B4A6E2A82A2A17B7007F809B /* LaunchScreen.storyboard in Resources */ = {isa = PBXBuildFile; fileRef = B4A6E2A62A2A17B7007F809B /* LaunchScreen.storyboard */; };
		B4A6E2BA2A2A1A8D007F809B /* TutorialCollectionViewCell.xib in Resources */ = {isa = PBXBuildFile; fileRef = B4A6E2B22A2A1A8D007F809B /* TutorialCollectionViewCell.xib */; };
		B4A6E2BB2A2A1A8D007F809B /* ItemSection2CollectionViewCell.xib in Resources */ = {isa = PBXBuildFile; fileRef = B4A6E2B32A2A1A8D007F809B /* ItemSection2CollectionViewCell.xib */; };
		B4A6E2BC2A2A1A8D007F809B /* ItemSection2CollectionViewCell.swift in Sources */ = {isa = PBXBuildFile; fileRef = B4A6E2B42A2A1A8D007F809B /* ItemSection2CollectionViewCell.swift */; };
		B4A6E2BD2A2A1A8D007F809B /* TutorialCollectionViewCell.swift in Sources */ = {isa = PBXBuildFile; fileRef = B4A6E2B52A2A1A8D007F809B /* TutorialCollectionViewCell.swift */; };
		B4A6E2BE2A2A1A8D007F809B /* ItemSection1CollectionViewCell.xib in Resources */ = {isa = PBXBuildFile; fileRef = B4A6E2B62A2A1A8D007F809B /* ItemSection1CollectionViewCell.xib */; };
		B4A6E2BF2A2A1A8D007F809B /* ItemSection1CollectionViewCell.swift in Sources */ = {isa = PBXBuildFile; fileRef = B4A6E2B72A2A1A8D007F809B /* ItemSection1CollectionViewCell.swift */; };
		B4A6E2C02A2A1A8D007F809B /* TutorialViewController.swift in Sources */ = {isa = PBXBuildFile; fileRef = B4A6E2B82A2A1A8D007F809B /* TutorialViewController.swift */; };
		B4B306252A2B951600290DCE /* RegisterViewController.swift in Sources */ = {isa = PBXBuildFile; fileRef = B4B306242A2B951600290DCE /* RegisterViewController.swift */; };
		B4B306272A2B952300290DCE /* LoginViewController.swift in Sources */ = {isa = PBXBuildFile; fileRef = B4B306262A2B952300290DCE /* LoginViewController.swift */; };
/* End PBXBuildFile section */

/* Begin PBXFileReference section */
		005C68B8FB4F643B4593D036 /* Pods-NewfeedsApp.release.xcconfig */ = {isa = PBXFileReference; includeInIndex = 1; lastKnownFileType = text.xcconfig; name = "Pods-NewfeedsApp.release.xcconfig"; path = "Target Support Files/Pods-NewfeedsApp/Pods-NewfeedsApp.release.xcconfig"; sourceTree = "<group>"; };
		B4A6E2982A2A17B5007F809B /* NewfeedsApp.app */ = {isa = PBXFileReference; explicitFileType = wrapper.application; includeInIndex = 0; path = NewfeedsApp.app; sourceTree = BUILT_PRODUCTS_DIR; };
		B4A6E29B2A2A17B5007F809B /* AppDelegate.swift */ = {isa = PBXFileReference; lastKnownFileType = sourcecode.swift; path = AppDelegate.swift; sourceTree = "<group>"; };
		B4A6E29D2A2A17B5007F809B /* SceneDelegate.swift */ = {isa = PBXFileReference; lastKnownFileType = sourcecode.swift; path = SceneDelegate.swift; sourceTree = "<group>"; };
		B4A6E29F2A2A17B5007F809B /* ViewController.swift */ = {isa = PBXFileReference; lastKnownFileType = sourcecode.swift; path = ViewController.swift; sourceTree = "<group>"; };
		B4A6E2A22A2A17B5007F809B /* Base */ = {isa = PBXFileReference; lastKnownFileType = file.storyboard; name = Base; path = Base.lproj/Main.storyboard; sourceTree = "<group>"; };
		B4A6E2A42A2A17B7007F809B /* Assets.xcassets */ = {isa = PBXFileReference; lastKnownFileType = folder.assetcatalog; path = Assets.xcassets; sourceTree = "<group>"; };
		B4A6E2A72A2A17B7007F809B /* Base */ = {isa = PBXFileReference; lastKnownFileType = file.storyboard; name = Base; path = Base.lproj/LaunchScreen.storyboard; sourceTree = "<group>"; };
		B4A6E2A92A2A17B7007F809B /* Info.plist */ = {isa = PBXFileReference; lastKnownFileType = text.plist.xml; path = Info.plist; sourceTree = "<group>"; };
		B4A6E2B22A2A1A8D007F809B /* TutorialCollectionViewCell.xib */ = {isa = PBXFileReference; fileEncoding = 4; lastKnownFileType = file.xib; path = TutorialCollectionViewCell.xib; sourceTree = "<group>"; };
		B4A6E2B32A2A1A8D007F809B /* ItemSection2CollectionViewCell.xib */ = {isa = PBXFileReference; fileEncoding = 4; lastKnownFileType = file.xib; path = ItemSection2CollectionViewCell.xib; sourceTree = "<group>"; };
		B4A6E2B42A2A1A8D007F809B /* ItemSection2CollectionViewCell.swift */ = {isa = PBXFileReference; fileEncoding = 4; lastKnownFileType = sourcecode.swift; path = ItemSection2CollectionViewCell.swift; sourceTree = "<group>"; };
		B4A6E2B52A2A1A8D007F809B /* TutorialCollectionViewCell.swift */ = {isa = PBXFileReference; fileEncoding = 4; lastKnownFileType = sourcecode.swift; path = TutorialCollectionViewCell.swift; sourceTree = "<group>"; };
		B4A6E2B62A2A1A8D007F809B /* ItemSection1CollectionViewCell.xib */ = {isa = PBXFileReference; fileEncoding = 4; lastKnownFileType = file.xib; path = ItemSection1CollectionViewCell.xib; sourceTree = "<group>"; };
		B4A6E2B72A2A1A8D007F809B /* ItemSection1CollectionViewCell.swift */ = {isa = PBXFileReference; fileEncoding = 4; lastKnownFileType = sourcecode.swift; path = ItemSection1CollectionViewCell.swift; sourceTree = "<group>"; };
		B4A6E2B82A2A1A8D007F809B /* TutorialViewController.swift */ = {isa = PBXFileReference; fileEncoding = 4; lastKnownFileType = sourcecode.swift; path = TutorialViewController.swift; sourceTree = "<group>"; };
		B4B306242A2B951600290DCE /* RegisterViewController.swift */ = {isa = PBXFileReference; lastKnownFileType = sourcecode.swift; path = RegisterViewController.swift; sourceTree = "<group>"; };
		B4B306262A2B952300290DCE /* LoginViewController.swift */ = {isa = PBXFileReference; lastKnownFileType = sourcecode.swift; path = LoginViewController.swift; sourceTree = "<group>"; };
		E59FFE6D9FC0939AA6C21E3D /* Pods_NewfeedsApp.framework */ = {isa = PBXFileReference; explicitFileType = wrapper.framework; includeInIndex = 0; path = Pods_NewfeedsApp.framework; sourceTree = BUILT_PRODUCTS_DIR; };
		F6A1B3F29A78105560D452E0 /* Pods-NewfeedsApp.debug.xcconfig */ = {isa = PBXFileReference; includeInIndex = 1; lastKnownFileType = text.xcconfig; name = "Pods-NewfeedsApp.debug.xcconfig"; path = "Target Support Files/Pods-NewfeedsApp/Pods-NewfeedsApp.debug.xcconfig"; sourceTree = "<group>"; };
/* End PBXFileReference section */

/* Begin PBXFrameworksBuildPhase section */
		B4A6E2952A2A17B5007F809B /* Frameworks */ = {
			isa = PBXFrameworksBuildPhase;
			buildActionMask = 2147483647;
			files = (
				63F87B125EE4240250C58DFE /* Pods_NewfeedsApp.framework in Frameworks */,
			);
			runOnlyForDeploymentPostprocessing = 0;
		};
/* End PBXFrameworksBuildPhase section */

/* Begin PBXGroup section */
		63C062946B2E91A0C586AE3A /* Pods */ = {
			isa = PBXGroup;
			children = (
				F6A1B3F29A78105560D452E0 /* Pods-NewfeedsApp.debug.xcconfig */,
				005C68B8FB4F643B4593D036 /* Pods-NewfeedsApp.release.xcconfig */,
			);
			path = Pods;
			sourceTree = "<group>";
		};
		A5255A3E820B653042D0DBA9 /* Frameworks */ = {
			isa = PBXGroup;
			children = (
				E59FFE6D9FC0939AA6C21E3D /* Pods_NewfeedsApp.framework */,
			);
			name = Frameworks;
			sourceTree = "<group>";
		};
		B4A6E28F2A2A17B5007F809B = {
			isa = PBXGroup;
			children = (
				B4A6E29A2A2A17B5007F809B /* NewfeedsApp */,
				B4A6E2992A2A17B5007F809B /* Products */,
				63C062946B2E91A0C586AE3A /* Pods */,
				A5255A3E820B653042D0DBA9 /* Frameworks */,
			);
			sourceTree = "<group>";
		};
		B4A6E2992A2A17B5007F809B /* Products */ = {
			isa = PBXGroup;
			children = (
				B4A6E2982A2A17B5007F809B /* NewfeedsApp.app */,
			);
			name = Products;
			sourceTree = "<group>";
		};
		B4A6E29A2A2A17B5007F809B /* NewfeedsApp */ = {
			isa = PBXGroup;
			children = (
				B4A6E2AF2A2A1A8D007F809B /* Screens */,
				B4A6E29B2A2A17B5007F809B /* AppDelegate.swift */,
				B4A6E29D2A2A17B5007F809B /* SceneDelegate.swift */,
				B4A6E29F2A2A17B5007F809B /* ViewController.swift */,
				B4A6E2A12A2A17B5007F809B /* Main.storyboard */,
				B4A6E2A42A2A17B7007F809B /* Assets.xcassets */,
				B4A6E2A62A2A17B7007F809B /* LaunchScreen.storyboard */,
				B4A6E2A92A2A17B7007F809B /* Info.plist */,
			);
			path = NewfeedsApp;
			sourceTree = "<group>";
		};
		B4A6E2AF2A2A1A8D007F809B /* Screens */ = {
			isa = PBXGroup;
			children = (
				B4B306232A2B94DA00290DCE /* RegisterAndLogin */,
				B4A6E2B02A2A1A8D007F809B /* Tutorial */,
				B4A6E2B92A2A1A8D007F809B /* Pinpost */,
			);
			path = Screens;
			sourceTree = "<group>";
		};
		B4A6E2B02A2A1A8D007F809B /* Tutorial */ = {
			isa = PBXGroup;
			children = (
				B4A6E2B82A2A1A8D007F809B /* TutorialViewController.swift */,
				B4A6E2B12A2A1A8D007F809B /* Cells */,
			);
			path = Tutorial;
			sourceTree = "<group>";
		};
		B4A6E2B12A2A1A8D007F809B /* Cells */ = {
			isa = PBXGroup;
			children = (
				B4A6E2B52A2A1A8D007F809B /* TutorialCollectionViewCell.swift */,
				B4A6E2B22A2A1A8D007F809B /* TutorialCollectionViewCell.xib */,
				B4A6E2B32A2A1A8D007F809B /* ItemSection2CollectionViewCell.xib */,
				B4A6E2B42A2A1A8D007F809B /* ItemSection2CollectionViewCell.swift */,
				B4A6E2B62A2A1A8D007F809B /* ItemSection1CollectionViewCell.xib */,
				B4A6E2B72A2A1A8D007F809B /* ItemSection1CollectionViewCell.swift */,
			);
			path = Cells;
			sourceTree = "<group>";
		};
		B4A6E2B92A2A1A8D007F809B /* Pinpost */ = {
			isa = PBXGroup;
			children = (
			);
			path = Pinpost;
			sourceTree = "<group>";
		};
		B4B306232A2B94DA00290DCE /* RegisterAndLogin */ = {
			isa = PBXGroup;
			children = (
				B4B306242A2B951600290DCE /* RegisterViewController.swift */,
				B4B306262A2B952300290DCE /* LoginViewController.swift */,
			);
			path = RegisterAndLogin;
			sourceTree = "<group>";
		};
/* End PBXGroup section */

/* Begin PBXNativeTarget section */
		B4A6E2972A2A17B5007F809B /* NewfeedsApp */ = {
			isa = PBXNativeTarget;
			buildConfigurationList = B4A6E2AC2A2A17B7007F809B /* Build configuration list for PBXNativeTarget "NewfeedsApp" */;
			buildPhases = (
				5D2453D20F681D5206B41687 /* [CP] Check Pods Manifest.lock */,
				B4A6E2942A2A17B5007F809B /* Sources */,
				B4A6E2952A2A17B5007F809B /* Frameworks */,
				B4A6E2962A2A17B5007F809B /* Resources */,
				C70C7B484D5F57904B509794 /* [CP] Embed Pods Frameworks */,
			);
			buildRules = (
			);
			dependencies = (
			);
			name = NewfeedsApp;
			productName = NewfeedsApp;
			productReference = B4A6E2982A2A17B5007F809B /* NewfeedsApp.app */;
			productType = "com.apple.product-type.application";
		};
/* End PBXNativeTarget section */

/* Begin PBXProject section */
		B4A6E2902A2A17B5007F809B /* Project object */ = {
			isa = PBXProject;
			attributes = {
				BuildIndependentTargetsInParallel = 1;
				LastSwiftUpdateCheck = 1410;
				LastUpgradeCheck = 1410;
				TargetAttributes = {
					B4A6E2972A2A17B5007F809B = {
						CreatedOnToolsVersion = 14.1;
					};
				};
			};
			buildConfigurationList = B4A6E2932A2A17B5007F809B /* Build configuration list for PBXProject "NewfeedsApp" */;
			compatibilityVersion = "Xcode 14.0";
			developmentRegion = en;
			hasScannedForEncodings = 0;
			knownRegions = (
				en,
				Base,
			);
			mainGroup = B4A6E28F2A2A17B5007F809B;
			productRefGroup = B4A6E2992A2A17B5007F809B /* Products */;
			projectDirPath = "";
			projectRoot = "";
			targets = (
				B4A6E2972A2A17B5007F809B /* NewfeedsApp */,
			);
		};
/* End PBXProject section */

/* Begin PBXResourcesBuildPhase section */
		B4A6E2962A2A17B5007F809B /* Resources */ = {
			isa = PBXResourcesBuildPhase;
			buildActionMask = 2147483647;
			files = (
				B4A6E2BB2A2A1A8D007F809B /* ItemSection2CollectionViewCell.xib in Resources */,
				B4A6E2A82A2A17B7007F809B /* LaunchScreen.storyboard in Resources */,
				B4A6E2A52A2A17B7007F809B /* Assets.xcassets in Resources */,
				B4A6E2BE2A2A1A8D007F809B /* ItemSection1CollectionViewCell.xib in Resources */,
				B4A6E2BA2A2A1A8D007F809B /* TutorialCollectionViewCell.xib in Resources */,
				B4A6E2A32A2A17B5007F809B /* Main.storyboard in Resources */,
			);
			runOnlyForDeploymentPostprocessing = 0;
		};
/* End PBXResourcesBuildPhase section */

/* Begin PBXShellScriptBuildPhase section */
		5D2453D20F681D5206B41687 /* [CP] Check Pods Manifest.lock */ = {
			isa = PBXShellScriptBuildPhase;
			buildActionMask = 2147483647;
			files = (
			);
			inputFileListPaths = (
			);
			inputPaths = (
				"${PODS_PODFILE_DIR_PATH}/Podfile.lock",
				"${PODS_ROOT}/Manifest.lock",
			);
			name = "[CP] Check Pods Manifest.lock";
			outputFileListPaths = (
			);
			outputPaths = (
				"$(DERIVED_FILE_DIR)/Pods-NewfeedsApp-checkManifestLockResult.txt",
			);
			runOnlyForDeploymentPostprocessing = 0;
			shellPath = /bin/sh;
			shellScript = "diff \"${PODS_PODFILE_DIR_PATH}/Podfile.lock\" \"${PODS_ROOT}/Manifest.lock\" > /dev/null\nif [ $? != 0 ] ; then\n    # print error to STDERR\n    echo \"error: The sandbox is not in sync with the Podfile.lock. Run 'pod install' or update your CocoaPods installation.\" >&2\n    exit 1\nfi\n# This output is used by Xcode 'outputs' to avoid re-running this script phase.\necho \"SUCCESS\" > \"${SCRIPT_OUTPUT_FILE_0}\"\n";
			showEnvVarsInLog = 0;
		};
		C70C7B484D5F57904B509794 /* [CP] Embed Pods Frameworks */ = {
			isa = PBXShellScriptBuildPhase;
			buildActionMask = 2147483647;
			files = (
			);
			inputFileListPaths = (
				"${PODS_ROOT}/Target Support Files/Pods-NewfeedsApp/Pods-NewfeedsApp-frameworks-${CONFIGURATION}-input-files.xcfilelist",
			);
			name = "[CP] Embed Pods Frameworks";
			outputFileListPaths = (
				"${PODS_ROOT}/Target Support Files/Pods-NewfeedsApp/Pods-NewfeedsApp-frameworks-${CONFIGURATION}-output-files.xcfilelist",
			);
			runOnlyForDeploymentPostprocessing = 0;
			shellPath = /bin/sh;
			shellScript = "\"${PODS_ROOT}/Target Support Files/Pods-NewfeedsApp/Pods-NewfeedsApp-frameworks.sh\"\n";
			showEnvVarsInLog = 0;
		};
/* End PBXShellScriptBuildPhase section */

/* Begin PBXSourcesBuildPhase section */
		B4A6E2942A2A17B5007F809B /* Sources */ = {
			isa = PBXSourcesBuildPhase;
			buildActionMask = 2147483647;
			files = (
				B4B306272A2B952300290DCE /* LoginViewController.swift in Sources */,
				B4A6E2BC2A2A1A8D007F809B /* ItemSection2CollectionViewCell.swift in Sources */,
				B4A6E2C02A2A1A8D007F809B /* TutorialViewController.swift in Sources */,
				B4A6E2BF2A2A1A8D007F809B /* ItemSection1CollectionViewCell.swift in Sources */,
				B4B306252A2B951600290DCE /* RegisterViewController.swift in Sources */,
				B4A6E2A02A2A17B5007F809B /* ViewController.swift in Sources */,
				B4A6E29C2A2A17B5007F809B /* AppDelegate.swift in Sources */,
				B4A6E2BD2A2A1A8D007F809B /* TutorialCollectionViewCell.swift in Sources */,
				B4A6E29E2A2A17B5007F809B /* SceneDelegate.swift in Sources */,
			);
			runOnlyForDeploymentPostprocessing = 0;
		};
/* End PBXSourcesBuildPhase section */

/* Begin PBXVariantGroup section */
		B4A6E2A12A2A17B5007F809B /* Main.storyboard */ = {
			isa = PBXVariantGroup;
			children = (
				B4A6E2A22A2A17B5007F809B /* Base */,
			);
			name = Main.storyboard;
			sourceTree = "<group>";
		};
		B4A6E2A62A2A17B7007F809B /* LaunchScreen.storyboard */ = {
			isa = PBXVariantGroup;
			children = (
				B4A6E2A72A2A17B7007F809B /* Base */,
			);
			name = LaunchScreen.storyboard;
			sourceTree = "<group>";
		};
/* End PBXVariantGroup section */

/* Begin XCBuildConfiguration section */
		B4A6E2AA2A2A17B7007F809B /* Debug */ = {
			isa = XCBuildConfiguration;
			buildSettings = {
				ALWAYS_SEARCH_USER_PATHS = NO;
				CLANG_ANALYZER_NONNULL = YES;
				CLANG_ANALYZER_NUMBER_OBJECT_CONVERSION = YES_AGGRESSIVE;
				CLANG_CXX_LANGUAGE_STANDARD = "gnu++20";
				CLANG_ENABLE_MODULES = YES;
				CLANG_ENABLE_OBJC_ARC = YES;
				CLANG_ENABLE_OBJC_WEAK = YES;
				CLANG_WARN_BLOCK_CAPTURE_AUTORELEASING = YES;
				CLANG_WARN_BOOL_CONVERSION = YES;
				CLANG_WARN_COMMA = YES;
				CLANG_WARN_CONSTANT_CONVERSION = YES;
				CLANG_WARN_DEPRECATED_OBJC_IMPLEMENTATIONS = YES;
				CLANG_WARN_DIRECT_OBJC_ISA_USAGE = YES_ERROR;
				CLANG_WARN_DOCUMENTATION_COMMENTS = YES;
				CLANG_WARN_EMPTY_BODY = YES;
				CLANG_WARN_ENUM_CONVERSION = YES;
				CLANG_WARN_INFINITE_RECURSION = YES;
				CLANG_WARN_INT_CONVERSION = YES;
				CLANG_WARN_NON_LITERAL_NULL_CONVERSION = YES;
				CLANG_WARN_OBJC_IMPLICIT_RETAIN_SELF = YES;
				CLANG_WARN_OBJC_LITERAL_CONVERSION = YES;
				CLANG_WARN_OBJC_ROOT_CLASS = YES_ERROR;
				CLANG_WARN_QUOTED_INCLUDE_IN_FRAMEWORK_HEADER = YES;
				CLANG_WARN_RANGE_LOOP_ANALYSIS = YES;
				CLANG_WARN_STRICT_PROTOTYPES = YES;
				CLANG_WARN_SUSPICIOUS_MOVE = YES;
				CLANG_WARN_UNGUARDED_AVAILABILITY = YES_AGGRESSIVE;
				CLANG_WARN_UNREACHABLE_CODE = YES;
				CLANG_WARN__DUPLICATE_METHOD_MATCH = YES;
				COPY_PHASE_STRIP = NO;
				DEBUG_INFORMATION_FORMAT = dwarf;
				ENABLE_STRICT_OBJC_MSGSEND = YES;
				ENABLE_TESTABILITY = YES;
				GCC_C_LANGUAGE_STANDARD = gnu11;
				GCC_DYNAMIC_NO_PIC = NO;
				GCC_NO_COMMON_BLOCKS = YES;
				GCC_OPTIMIZATION_LEVEL = 0;
				GCC_PREPROCESSOR_DEFINITIONS = (
					"DEBUG=1",
					"$(inherited)",
				);
				GCC_WARN_64_TO_32_BIT_CONVERSION = YES;
				GCC_WARN_ABOUT_RETURN_TYPE = YES_ERROR;
				GCC_WARN_UNDECLARED_SELECTOR = YES;
				GCC_WARN_UNINITIALIZED_AUTOS = YES_AGGRESSIVE;
				GCC_WARN_UNUSED_FUNCTION = YES;
				GCC_WARN_UNUSED_VARIABLE = YES;
				IPHONEOS_DEPLOYMENT_TARGET = 16.1;
				MTL_ENABLE_DEBUG_INFO = INCLUDE_SOURCE;
				MTL_FAST_MATH = YES;
				ONLY_ACTIVE_ARCH = YES;
				SDKROOT = iphoneos;
				SWIFT_ACTIVE_COMPILATION_CONDITIONS = DEBUG;
				SWIFT_OPTIMIZATION_LEVEL = "-Onone";
			};
			name = Debug;
		};
		B4A6E2AB2A2A17B7007F809B /* Release */ = {
			isa = XCBuildConfiguration;
			buildSettings = {
				ALWAYS_SEARCH_USER_PATHS = NO;
				CLANG_ANALYZER_NONNULL = YES;
				CLANG_ANALYZER_NUMBER_OBJECT_CONVERSION = YES_AGGRESSIVE;
				CLANG_CXX_LANGUAGE_STANDARD = "gnu++20";
				CLANG_ENABLE_MODULES = YES;
				CLANG_ENABLE_OBJC_ARC = YES;
				CLANG_ENABLE_OBJC_WEAK = YES;
				CLANG_WARN_BLOCK_CAPTURE_AUTORELEASING = YES;
				CLANG_WARN_BOOL_CONVERSION = YES;
				CLANG_WARN_COMMA = YES;
				CLANG_WARN_CONSTANT_CONVERSION = YES;
				CLANG_WARN_DEPRECATED_OBJC_IMPLEMENTATIONS = YES;
				CLANG_WARN_DIRECT_OBJC_ISA_USAGE = YES_ERROR;
				CLANG_WARN_DOCUMENTATION_COMMENTS = YES;
				CLANG_WARN_EMPTY_BODY = YES;
				CLANG_WARN_ENUM_CONVERSION = YES;
				CLANG_WARN_INFINITE_RECURSION = YES;
				CLANG_WARN_INT_CONVERSION = YES;
				CLANG_WARN_NON_LITERAL_NULL_CONVERSION = YES;
				CLANG_WARN_OBJC_IMPLICIT_RETAIN_SELF = YES;
				CLANG_WARN_OBJC_LITERAL_CONVERSION = YES;
				CLANG_WARN_OBJC_ROOT_CLASS = YES_ERROR;
				CLANG_WARN_QUOTED_INCLUDE_IN_FRAMEWORK_HEADER = YES;
				CLANG_WARN_RANGE_LOOP_ANALYSIS = YES;
				CLANG_WARN_STRICT_PROTOTYPES = YES;
				CLANG_WARN_SUSPICIOUS_MOVE = YES;
				CLANG_WARN_UNGUARDED_AVAILABILITY = YES_AGGRESSIVE;
				CLANG_WARN_UNREACHABLE_CODE = YES;
				CLANG_WARN__DUPLICATE_METHOD_MATCH = YES;
				COPY_PHASE_STRIP = NO;
				DEBUG_INFORMATION_FORMAT = "dwarf-with-dsym";
				ENABLE_NS_ASSERTIONS = NO;
				ENABLE_STRICT_OBJC_MSGSEND = YES;
				GCC_C_LANGUAGE_STANDARD = gnu11;
				GCC_NO_COMMON_BLOCKS = YES;
				GCC_WARN_64_TO_32_BIT_CONVERSION = YES;
				GCC_WARN_ABOUT_RETURN_TYPE = YES_ERROR;
				GCC_WARN_UNDECLARED_SELECTOR = YES;
				GCC_WARN_UNINITIALIZED_AUTOS = YES_AGGRESSIVE;
				GCC_WARN_UNUSED_FUNCTION = YES;
				GCC_WARN_UNUSED_VARIABLE = YES;
				IPHONEOS_DEPLOYMENT_TARGET = 16.1;
				MTL_ENABLE_DEBUG_INFO = NO;
				MTL_FAST_MATH = YES;
				SDKROOT = iphoneos;
				SWIFT_COMPILATION_MODE = wholemodule;
				SWIFT_OPTIMIZATION_LEVEL = "-O";
				VALIDATE_PRODUCT = YES;
			};
			name = Release;
		};
		B4A6E2AD2A2A17B7007F809B /* Debug */ = {
			isa = XCBuildConfiguration;
			baseConfigurationReference = F6A1B3F29A78105560D452E0 /* Pods-NewfeedsApp.debug.xcconfig */;
			buildSettings = {
				ASSETCATALOG_COMPILER_APPICON_NAME = AppIcon;
				ASSETCATALOG_COMPILER_GLOBAL_ACCENT_COLOR_NAME = AccentColor;
				CODE_SIGN_STYLE = Automatic;
				CURRENT_PROJECT_VERSION = 1;
				GENERATE_INFOPLIST_FILE = YES;
				INFOPLIST_FILE = NewfeedsApp/Info.plist;
				INFOPLIST_KEY_UIApplicationSupportsIndirectInputEvents = YES;
				INFOPLIST_KEY_UILaunchStoryboardName = LaunchScreen;
				INFOPLIST_KEY_UIMainStoryboardFile = Main;
				INFOPLIST_KEY_UISupportedInterfaceOrientations_iPad = "UIInterfaceOrientationPortrait UIInterfaceOrientationPortraitUpsideDown UIInterfaceOrientationLandscapeLeft UIInterfaceOrientationLandscapeRight";
				INFOPLIST_KEY_UISupportedInterfaceOrientations_iPhone = "UIInterfaceOrientationPortrait UIInterfaceOrientationLandscapeLeft UIInterfaceOrientationLandscapeRight";
				LD_RUNPATH_SEARCH_PATHS = (
					"$(inherited)",
					"@executable_path/Frameworks",
				);
				MARKETING_VERSION = 1.0;
				PRODUCT_BUNDLE_IDENTIFIER = com.tanvm.NewfeedsApp;
				PRODUCT_NAME = "$(TARGET_NAME)";
				SWIFT_EMIT_LOC_STRINGS = YES;
				SWIFT_VERSION = 5.0;
				TARGETED_DEVICE_FAMILY = "1,2";
			};
			name = Debug;
		};
		B4A6E2AE2A2A17B7007F809B /* Release */ = {
			isa = XCBuildConfiguration;
			baseConfigurationReference = 005C68B8FB4F643B4593D036 /* Pods-NewfeedsApp.release.xcconfig */;
			buildSettings = {
				ASSETCATALOG_COMPILER_APPICON_NAME = AppIcon;
				ASSETCATALOG_COMPILER_GLOBAL_ACCENT_COLOR_NAME = AccentColor;
				CODE_SIGN_STYLE = Automatic;
				CURRENT_PROJECT_VERSION = 1;
				GENERATE_INFOPLIST_FILE = YES;
				INFOPLIST_FILE = NewfeedsApp/Info.plist;
				INFOPLIST_KEY_UIApplicationSupportsIndirectInputEvents = YES;
				INFOPLIST_KEY_UILaunchStoryboardName = LaunchScreen;
				INFOPLIST_KEY_UIMainStoryboardFile = Main;
				INFOPLIST_KEY_UISupportedInterfaceOrientations_iPad = "UIInterfaceOrientationPortrait UIInterfaceOrientationPortraitUpsideDown UIInterfaceOrientationLandscapeLeft UIInterfaceOrientationLandscapeRight";
				INFOPLIST_KEY_UISupportedInterfaceOrientations_iPhone = "UIInterfaceOrientationPortrait UIInterfaceOrientationLandscapeLeft UIInterfaceOrientationLandscapeRight";
				LD_RUNPATH_SEARCH_PATHS = (
					"$(inherited)",
					"@executable_path/Frameworks",
				);
				MARKETING_VERSION = 1.0;
				PRODUCT_BUNDLE_IDENTIFIER = com.tanvm.NewfeedsApp;
				PRODUCT_NAME = "$(TARGET_NAME)";
				SWIFT_EMIT_LOC_STRINGS = YES;
				SWIFT_VERSION = 5.0;
				TARGETED_DEVICE_FAMILY = "1,2";
			};
			name = Release;
		};
/* End XCBuildConfiguration section */

/* Begin XCConfigurationList section */
		B4A6E2932A2A17B5007F809B /* Build configuration list for PBXProject "NewfeedsApp" */ = {
			isa = XCConfigurationList;
			buildConfigurations = (
				B4A6E2AA2A2A17B7007F809B /* Debug */,
				B4A6E2AB2A2A17B7007F809B /* Release */,
			);
			defaultConfigurationIsVisible = 0;
			defaultConfigurationName = Release;
		};
		B4A6E2AC2A2A17B7007F809B /* Build configuration list for PBXNativeTarget "NewfeedsApp" */ = {
			isa = XCConfigurationList;
			buildConfigurations = (
				B4A6E2AD2A2A17B7007F809B /* Debug */,
				B4A6E2AE2A2A17B7007F809B /* Release */,
			);
			defaultConfigurationIsVisible = 0;
			defaultConfigurationName = Release;
		};
/* End XCConfigurationList section */
	};
	rootObject = B4A6E2902A2A17B5007F809B /* Project object */;
}
